// !$*UTF8*$!
{
	archiveVersion = 1;
	classes = {
	};
	objectVersion = 46;
	objects = {

/* Begin PBXBuildFile section */
		087AC291174D429A00C33AEF /* CATESharedDataNew.m in Sources */ = {isa = PBXBuildFile; fileRef = 087AC290174D429A00C33AEF /* CATESharedDataNew.m */; };
		087AC29D174D4CCB00C33AEF /* CATEModule.m in Sources */ = {isa = PBXBuildFile; fileRef = 087AC29C174D4CCB00C33AEF /* CATEModule.m */; };
		087AC2A0174D4F3400C33AEF /* CATEExercise.m in Sources */ = {isa = PBXBuildFile; fileRef = 087AC29F174D4F3400C33AEF /* CATEExercise.m */; };
		0889EF5A1716299600FEB988 /* UIKit.framework in Frameworks */ = {isa = PBXBuildFile; fileRef = 0889EF591716299600FEB988 /* UIKit.framework */; };
		0889EF5C1716299600FEB988 /* Foundation.framework in Frameworks */ = {isa = PBXBuildFile; fileRef = 0889EF5B1716299600FEB988 /* Foundation.framework */; };
		0889EF5E1716299600FEB988 /* CoreGraphics.framework in Frameworks */ = {isa = PBXBuildFile; fileRef = 0889EF5D1716299600FEB988 /* CoreGraphics.framework */; };
		0889EF891716299600FEB988 /* SenTestingKit.framework in Frameworks */ = {isa = PBXBuildFile; fileRef = 0889EF881716299600FEB988 /* SenTestingKit.framework */; };
		0889EF8A1716299600FEB988 /* UIKit.framework in Frameworks */ = {isa = PBXBuildFile; fileRef = 0889EF591716299600FEB988 /* UIKit.framework */; };
		0889EF8B1716299600FEB988 /* Foundation.framework in Frameworks */ = {isa = PBXBuildFile; fileRef = 0889EF5B1716299600FEB988 /* Foundation.framework */; };
		0889EF931716299600FEB988 /* InfoPlist.strings in Resources */ = {isa = PBXBuildFile; fileRef = 0889EF911716299600FEB988 /* InfoPlist.strings */; };
		0889EF961716299600FEB988 /* CATETests.m in Sources */ = {isa = PBXBuildFile; fileRef = 0889EF951716299600FEB988 /* CATETests.m */; };
		FE66DF1D172634CA00EFAD98 /* CATEIdentity.m in Sources */ = {isa = PBXBuildFile; fileRef = FE66DEAE172634C900EFAD98 /* CATEIdentity.m */; };
		FE66DF1E172634CA00EFAD98 /* CATERecord.m in Sources */ = {isa = PBXBuildFile; fileRef = FE66DEB1172634C900EFAD98 /* CATERecord.m */; };
		FE66DF1F172634CA00EFAD98 /* CATERecordExercise.m in Sources */ = {isa = PBXBuildFile; fileRef = FE66DEB4172634C900EFAD98 /* CATERecordExercise.m */; };
		FE66DF20172634CA00EFAD98 /* CATERecordModule.m in Sources */ = {isa = PBXBuildFile; fileRef = FE66DEB7172634C900EFAD98 /* CATERecordModule.m */; };
		FE66DF21172634CA00EFAD98 /* CATERecordStats.m in Sources */ = {isa = PBXBuildFile; fileRef = FE66DEBA172634C900EFAD98 /* CATERecordStats.m */; };
		FE66DF22172634CA00EFAD98 /* CATEExercise.m in Sources */ = {isa = PBXBuildFile; fileRef = FE66DEBE172634C900EFAD98 /* CATEExercise.m */; };
		FE66DF23172634CA00EFAD98 /* CATEModule.m in Sources */ = {isa = PBXBuildFile; fileRef = FE66DEC1172634C900EFAD98 /* CATEModule.m */; };
		FE66DF24172634CA00EFAD98 /* CATETerm.m in Sources */ = {isa = PBXBuildFile; fileRef = FE66DEC3172634C900EFAD98 /* CATETerm.m */; };
		FE66DF27172634CA00EFAD98 /* basicLogo.png in Resources */ = {isa = PBXBuildFile; fileRef = FE66DECA172634C900EFAD98 /* basicLogo.png */; };
		FE66DF29172634CA00EFAD98 /* btnLogin.png in Resources */ = {isa = PBXBuildFile; fileRef = FE66DECC172634CA00EFAD98 /* btnLogin.png */; };
		FE66DF2B172634CA00EFAD98 /* stdBgNoSig.png in Resources */ = {isa = PBXBuildFile; fileRef = FE66DECE172634CA00EFAD98 /* stdBgNoSig.png */; };
		FE66DF2E172634CA00EFAD98 /* Default-568h@2x.png in Resources */ = {isa = PBXBuildFile; fileRef = FE66DED4172634CA00EFAD98 /* Default-568h@2x.png */; };
		FE66DF2F172634CA00EFAD98 /* Default.png in Resources */ = {isa = PBXBuildFile; fileRef = FE66DED5172634CA00EFAD98 /* Default.png */; };
		FE66DF30172634CA00EFAD98 /* Default@2x.png in Resources */ = {isa = PBXBuildFile; fileRef = FE66DED6172634CA00EFAD98 /* Default@2x.png */; };
		FE66DF31172634CA00EFAD98 /* first.png in Resources */ = {isa = PBXBuildFile; fileRef = FE66DED7172634CA00EFAD98 /* first.png */; };
		FE66DF32172634CA00EFAD98 /* first@2x.png in Resources */ = {isa = PBXBuildFile; fileRef = FE66DED8172634CA00EFAD98 /* first@2x.png */; };
		FE66DF34172634CA00EFAD98 /* second.png in Resources */ = {isa = PBXBuildFile; fileRef = FE66DEDA172634CA00EFAD98 /* second.png */; };
		FE66DF35172634CA00EFAD98 /* second@2x.png in Resources */ = {isa = PBXBuildFile; fileRef = FE66DEDB172634CA00EFAD98 /* second@2x.png */; };
		FE66DF36172634CA00EFAD98 /* exerciseData.xml in Resources */ = {isa = PBXBuildFile; fileRef = FE66DEDD172634CA00EFAD98 /* exerciseData.xml */; };
		FE66DF37172634CA00EFAD98 /* get_exercises_xml_template.xml in Resources */ = {isa = PBXBuildFile; fileRef = FE66DEDE172634CA00EFAD98 /* get_exercises_xml_template.xml */; };
		FE66DF38172634CA00EFAD98 /* get_grades_xml_template.xml in Resources */ = {isa = PBXBuildFile; fileRef = FE66DEDF172634CA00EFAD98 /* get_grades_xml_template.xml */; };
		FE66DF39172634CA00EFAD98 /* get_main_xml_template.xml in Resources */ = {isa = PBXBuildFile; fileRef = FE66DEE0172634CA00EFAD98 /* get_main_xml_template.xml */; };
		FE66DF3A172634CA00EFAD98 /* TestXml.xml in Resources */ = {isa = PBXBuildFile; fileRef = FE66DEE1172634CA00EFAD98 /* TestXml.xml */; };
		FE66DF3B172634CA00EFAD98 /* thb12.jpg in Resources */ = {isa = PBXBuildFile; fileRef = FE66DEE2172634CA00EFAD98 /* thb12.jpg */; };
		FE66DF3C172634CA00EFAD98 /* DashboardItem.png in Resources */ = {isa = PBXBuildFile; fileRef = FE66DEE5172634CA00EFAD98 /* DashboardItem.png */; };
		FE66DF3D172634CA00EFAD98 /* loginFields.png in Resources */ = {isa = PBXBuildFile; fileRef = FE66DEE6172634CA00EFAD98 /* loginFields.png */; };
		FE66DF3E172634CA00EFAD98 /* Menu.png in Resources */ = {isa = PBXBuildFile; fileRef = FE66DEE7172634CA00EFAD98 /* Menu.png */; };
		FE66DF3F172634CA00EFAD98 /* ModulesButton.png in Resources */ = {isa = PBXBuildFile; fileRef = FE66DEE8172634CA00EFAD98 /* ModulesButton.png */; };
		FE66DF40172634CA00EFAD98 /* SearchBarActive.png in Resources */ = {isa = PBXBuildFile; fileRef = FE66DEE9172634CA00EFAD98 /* SearchBarActive.png */; };
		FE66DF41172634CA00EFAD98 /* SearchBarDefault.png in Resources */ = {isa = PBXBuildFile; fileRef = FE66DEEA172634CA00EFAD98 /* SearchBarDefault.png */; };
		FE66DF42172634CA00EFAD98 /* wideDarkLogin.png in Resources */ = {isa = PBXBuildFile; fileRef = FE66DEEB172634CA00EFAD98 /* wideDarkLogin.png */; };
		FE66DF43172634CA00EFAD98 /* wideDarkLoginAuth.png in Resources */ = {isa = PBXBuildFile; fileRef = FE66DEEC172634CA00EFAD98 /* wideDarkLoginAuth.png */; };
		FE66DF44172634CA00EFAD98 /* wideDarkLoginDone.png in Resources */ = {isa = PBXBuildFile; fileRef = FE66DEED172634CA00EFAD98 /* wideDarkLoginDone.png */; };
		FE66DF45172634CA00EFAD98 /* wideDarkLoginLoading.png in Resources */ = {isa = PBXBuildFile; fileRef = FE66DEEE172634CA00EFAD98 /* wideDarkLoginLoading.png */; };
		FE66DF50172634CA00EFAD98 /* CATEDataExtractor.m in Sources */ = {isa = PBXBuildFile; fileRef = FE66DEFD172634CA00EFAD98 /* CATEDataExtractor.m */; };
		FE66DF51172634CA00EFAD98 /* CATESharedData.m in Sources */ = {isa = PBXBuildFile; fileRef = FE66DF00172634CA00EFAD98 /* CATESharedData.m */; };
		FE66DF52172634CA00EFAD98 /* CATEUtilities.m in Sources */ = {isa = PBXBuildFile; fileRef = FE66DF03172634CA00EFAD98 /* CATEUtilities.m */; };
		FE66DF53172634CA00EFAD98 /* SMXMLDocument.m in Sources */ = {isa = PBXBuildFile; fileRef = FE66DF06172634CA00EFAD98 /* SMXMLDocument.m */; };
		FE66DF54172634CA00EFAD98 /* CATEDashboardViewController.m in Sources */ = {isa = PBXBuildFile; fileRef = FE66DF0A172634CA00EFAD98 /* CATEDashboardViewController.m */; };
		FE66DF55172634CA00EFAD98 /* CATEFirstViewController.m in Sources */ = {isa = PBXBuildFile; fileRef = FE66DF0D172634CA00EFAD98 /* CATEFirstViewController.m */; };
		FE66DF56172634CA00EFAD98 /* CATELoginViewController.m in Sources */ = {isa = PBXBuildFile; fileRef = FE66DF10172634CA00EFAD98 /* CATELoginViewController.m */; };
		FE66DF57172634CA00EFAD98 /* bootstrap.min.css in Resources */ = {isa = PBXBuildFile; fileRef = FE66DF13172634CA00EFAD98 /* bootstrap.min.css */; };
		FE66DF5C172634CA00EFAD98 /* extraction_page.html in Resources */ = {isa = PBXBuildFile; fileRef = FE66DF19172634CA00EFAD98 /* extraction_page.html */; };
		FE66DF5D172634CA00EFAD98 /* loading_page.html in Resources */ = {isa = PBXBuildFile; fileRef = FE66DF1A172634CA00EFAD98 /* loading_page.html */; };
		FE66DF5E172634CA00EFAD98 /* loading_page.css in Resources */ = {isa = PBXBuildFile; fileRef = FE66DF1C172634CA00EFAD98 /* loading_page.css */; };
		FE66DFD21726360D00EFAD98 /* CATEAppDelegate.m in Sources */ = {isa = PBXBuildFile; fileRef = FE66DF621726360C00EFAD98 /* CATEAppDelegate.m */; };
		FE66E0131726379700EFAD98 /* main.m in Sources */ = {isa = PBXBuildFile; fileRef = FE66DF871726360C00EFAD98 /* main.m */; };
		FEE856591732CB0500EA8CF2 /* MainStoryboard.storyboard in Resources */ = {isa = PBXBuildFile; fileRef = FE66DF7F1726360C00EFAD98 /* MainStoryboard.storyboard */; };
		FEE8565B1732CB8A00EA8CF2 /* stdBg.png in Resources */ = {isa = PBXBuildFile; fileRef = FEE8565A1732CB8A00EA8CF2 /* stdBg.png */; };
		FEFBB5B7174D4C7A00E9F941 /* extraction_tools.js in Resources */ = {isa = PBXBuildFile; fileRef = FE66DFCC1726360D00EFAD98 /* extraction_tools.js */; };
/* End PBXBuildFile section */

/* Begin PBXContainerItemProxy section */
		0889EF8C1716299600FEB988 /* PBXContainerItemProxy */ = {
			isa = PBXContainerItemProxy;
			containerPortal = 0889EF4E1716299600FEB988 /* Project object */;
			proxyType = 1;
			remoteGlobalIDString = 0889EF551716299600FEB988;
			remoteInfo = CATE;
		};
/* End PBXContainerItemProxy section */

/* Begin PBXFileReference section */
		087AC28F174D429A00C33AEF /* CATESharedDataNew.h */ = {isa = PBXFileReference; fileEncoding = 4; lastKnownFileType = sourcecode.c.h; path = CATESharedDataNew.h; sourceTree = "<group>"; };
		087AC290174D429A00C33AEF /* CATESharedDataNew.m */ = {isa = PBXFileReference; fileEncoding = 4; lastKnownFileType = sourcecode.c.objc; path = CATESharedDataNew.m; sourceTree = "<group>"; };
		087AC29B174D4CCB00C33AEF /* CATEModule.h */ = {isa = PBXFileReference; fileEncoding = 4; lastKnownFileType = sourcecode.c.h; name = CATEModule.h; path = CATEModule/CATEModule.h; sourceTree = "<group>"; };
		087AC29C174D4CCB00C33AEF /* CATEModule.m */ = {isa = PBXFileReference; fileEncoding = 4; lastKnownFileType = sourcecode.c.objc; name = CATEModule.m; path = CATEModule/CATEModule.m; sourceTree = "<group>"; };
		087AC29F174D4F3400C33AEF /* CATEExercise.m */ = {isa = PBXFileReference; fileEncoding = 4; lastKnownFileType = sourcecode.c.objc; name = CATEExercise.m; path = CATEExercise/CATEExercise.m; sourceTree = "<group>"; };
		087AC2A1174D500E00C33AEF /* CATEExercise.h */ = {isa = PBXFileReference; fileEncoding = 4; lastKnownFileType = sourcecode.c.h; name = CATEExercise.h; path = CATEExercise/CATEExercise.h; sourceTree = "<group>"; };
		0889EF561716299600FEB988 /* CATE.app */ = {isa = PBXFileReference; explicitFileType = wrapper.application; includeInIndex = 0; path = CATE.app; sourceTree = BUILT_PRODUCTS_DIR; };
		0889EF591716299600FEB988 /* UIKit.framework */ = {isa = PBXFileReference; lastKnownFileType = wrapper.framework; name = UIKit.framework; path = System/Library/Frameworks/UIKit.framework; sourceTree = SDKROOT; };
		0889EF5B1716299600FEB988 /* Foundation.framework */ = {isa = PBXFileReference; lastKnownFileType = wrapper.framework; name = Foundation.framework; path = System/Library/Frameworks/Foundation.framework; sourceTree = SDKROOT; };
		0889EF5D1716299600FEB988 /* CoreGraphics.framework */ = {isa = PBXFileReference; lastKnownFileType = wrapper.framework; name = CoreGraphics.framework; path = System/Library/Frameworks/CoreGraphics.framework; sourceTree = SDKROOT; };
		0889EF631716299600FEB988 /* en */ = {isa = PBXFileReference; lastKnownFileType = text.plist.strings; name = en; path = en.lproj/InfoPlist.strings; sourceTree = "<group>"; };
		0889EF871716299600FEB988 /* CATETests.octest */ = {isa = PBXFileReference; explicitFileType = wrapper.cfbundle; includeInIndex = 0; path = CATETests.octest; sourceTree = BUILT_PRODUCTS_DIR; };
		0889EF881716299600FEB988 /* SenTestingKit.framework */ = {isa = PBXFileReference; lastKnownFileType = wrapper.framework; name = SenTestingKit.framework; path = Library/Frameworks/SenTestingKit.framework; sourceTree = DEVELOPER_DIR; };
		0889EF901716299600FEB988 /* CATETests-Info.plist */ = {isa = PBXFileReference; lastKnownFileType = text.plist.xml; path = "CATETests-Info.plist"; sourceTree = "<group>"; };
		0889EF921716299600FEB988 /* en */ = {isa = PBXFileReference; lastKnownFileType = text.plist.strings; name = en; path = en.lproj/InfoPlist.strings; sourceTree = "<group>"; };
		0889EF941716299600FEB988 /* CATETests.h */ = {isa = PBXFileReference; lastKnownFileType = sourcecode.c.h; path = CATETests.h; sourceTree = "<group>"; };
		0889EF951716299600FEB988 /* CATETests.m */ = {isa = PBXFileReference; lastKnownFileType = sourcecode.c.objc; path = CATETests.m; sourceTree = "<group>"; };
		FE66DEAD172634C900EFAD98 /* CATEIdentity.h */ = {isa = PBXFileReference; fileEncoding = 4; lastKnownFileType = sourcecode.c.h; path = CATEIdentity.h; sourceTree = "<group>"; };
		FE66DEAE172634C900EFAD98 /* CATEIdentity.m */ = {isa = PBXFileReference; fileEncoding = 4; lastKnownFileType = sourcecode.c.objc; path = CATEIdentity.m; sourceTree = "<group>"; };
		FE66DEB0172634C900EFAD98 /* CATERecord.h */ = {isa = PBXFileReference; fileEncoding = 4; lastKnownFileType = sourcecode.c.h; path = CATERecord.h; sourceTree = "<group>"; };
		FE66DEB1172634C900EFAD98 /* CATERecord.m */ = {isa = PBXFileReference; fileEncoding = 4; lastKnownFileType = sourcecode.c.objc; path = CATERecord.m; sourceTree = "<group>"; };
		FE66DEB3172634C900EFAD98 /* CATERecordExercise.h */ = {isa = PBXFileReference; fileEncoding = 4; lastKnownFileType = sourcecode.c.h; path = CATERecordExercise.h; sourceTree = "<group>"; };
		FE66DEB4172634C900EFAD98 /* CATERecordExercise.m */ = {isa = PBXFileReference; fileEncoding = 4; lastKnownFileType = sourcecode.c.objc; path = CATERecordExercise.m; sourceTree = "<group>"; };
		FE66DEB6172634C900EFAD98 /* CATERecordModule.h */ = {isa = PBXFileReference; fileEncoding = 4; lastKnownFileType = sourcecode.c.h; path = CATERecordModule.h; sourceTree = "<group>"; };
		FE66DEB7172634C900EFAD98 /* CATERecordModule.m */ = {isa = PBXFileReference; fileEncoding = 4; lastKnownFileType = sourcecode.c.objc; path = CATERecordModule.m; sourceTree = "<group>"; };
		FE66DEB9172634C900EFAD98 /* CATERecordStats.h */ = {isa = PBXFileReference; fileEncoding = 4; lastKnownFileType = sourcecode.c.h; path = CATERecordStats.h; sourceTree = "<group>"; };
		FE66DEBA172634C900EFAD98 /* CATERecordStats.m */ = {isa = PBXFileReference; fileEncoding = 4; lastKnownFileType = sourcecode.c.objc; path = CATERecordStats.m; sourceTree = "<group>"; };
		FE66DEBD172634C900EFAD98 /* CATEExercise.h */ = {isa = PBXFileReference; fileEncoding = 4; lastKnownFileType = sourcecode.c.h; path = CATEExercise.h; sourceTree = "<group>"; };
		FE66DEBE172634C900EFAD98 /* CATEExercise.m */ = {isa = PBXFileReference; fileEncoding = 4; lastKnownFileType = sourcecode.c.objc; path = CATEExercise.m; sourceTree = "<group>"; };
		FE66DEC0172634C900EFAD98 /* CATEModule.h */ = {isa = PBXFileReference; fileEncoding = 4; lastKnownFileType = sourcecode.c.h; path = CATEModule.h; sourceTree = "<group>"; };
		FE66DEC1172634C900EFAD98 /* CATEModule.m */ = {isa = PBXFileReference; fileEncoding = 4; lastKnownFileType = sourcecode.c.objc; path = CATEModule.m; sourceTree = "<group>"; };
		FE66DEC2172634C900EFAD98 /* CATETerm.h */ = {isa = PBXFileReference; fileEncoding = 4; lastKnownFileType = sourcecode.c.h; path = CATETerm.h; sourceTree = "<group>"; };
		FE66DEC3172634C900EFAD98 /* CATETerm.m */ = {isa = PBXFileReference; fileEncoding = 4; lastKnownFileType = sourcecode.c.objc; path = CATETerm.m; sourceTree = "<group>"; };
		FE66DEC6172634C900EFAD98 /* en */ = {isa = PBXFileReference; lastKnownFileType = text.plist.strings; name = en; path = InfoPlist.strings; sourceTree = "<group>"; };
		FE66DEC8172634C900EFAD98 /* en */ = {isa = PBXFileReference; lastKnownFileType = file.storyboard; name = en; path = MainStoryboard.storyboard; sourceTree = "<group>"; };
		FE66DECA172634C900EFAD98 /* basicLogo.png */ = {isa = PBXFileReference; lastKnownFileType = image.png; path = basicLogo.png; sourceTree = "<group>"; };
		FE66DECB172634CA00EFAD98 /* basicLogo.psd */ = {isa = PBXFileReference; lastKnownFileType = file; path = basicLogo.psd; sourceTree = "<group>"; };
		FE66DECC172634CA00EFAD98 /* btnLogin.png */ = {isa = PBXFileReference; lastKnownFileType = image.png; path = btnLogin.png; sourceTree = "<group>"; };
		FE66DECD172634CA00EFAD98 /* stdBg.psd */ = {isa = PBXFileReference; lastKnownFileType = file; path = stdBg.psd; sourceTree = "<group>"; };
		FE66DECE172634CA00EFAD98 /* stdBgNoSig.png */ = {isa = PBXFileReference; lastKnownFileType = image.png; path = stdBgNoSig.png; sourceTree = "<group>"; };
		FE66DED4172634CA00EFAD98 /* Default-568h@2x.png */ = {isa = PBXFileReference; lastKnownFileType = image.png; name = "Default-568h@2x.png"; path = "../SystemEssentials/Default-568h@2x.png"; sourceTree = "<group>"; };
		FE66DED5172634CA00EFAD98 /* Default.png */ = {isa = PBXFileReference; lastKnownFileType = image.png; name = Default.png; path = ../SystemEssentials/Default.png; sourceTree = "<group>"; };
		FE66DED6172634CA00EFAD98 /* Default@2x.png */ = {isa = PBXFileReference; lastKnownFileType = image.png; name = "Default@2x.png"; path = "../SystemEssentials/Default@2x.png"; sourceTree = "<group>"; };
		FE66DED7172634CA00EFAD98 /* first.png */ = {isa = PBXFileReference; lastKnownFileType = image.png; name = first.png; path = ../SystemEssentials/first.png; sourceTree = "<group>"; };
		FE66DED8172634CA00EFAD98 /* first@2x.png */ = {isa = PBXFileReference; lastKnownFileType = image.png; name = "first@2x.png"; path = "../SystemEssentials/first@2x.png"; sourceTree = "<group>"; };
		FE66DEDA172634CA00EFAD98 /* second.png */ = {isa = PBXFileReference; lastKnownFileType = image.png; name = second.png; path = ../SystemEssentials/second.png; sourceTree = "<group>"; };
		FE66DEDB172634CA00EFAD98 /* second@2x.png */ = {isa = PBXFileReference; lastKnownFileType = image.png; name = "second@2x.png"; path = "../SystemEssentials/second@2x.png"; sourceTree = "<group>"; };
		FE66DEDD172634CA00EFAD98 /* exerciseData.xml */ = {isa = PBXFileReference; fileEncoding = 4; lastKnownFileType = text.xml; path = exerciseData.xml; sourceTree = "<group>"; };
		FE66DEDE172634CA00EFAD98 /* get_exercises_xml_template.xml */ = {isa = PBXFileReference; fileEncoding = 4; lastKnownFileType = text.xml; path = get_exercises_xml_template.xml; sourceTree = "<group>"; };
		FE66DEDF172634CA00EFAD98 /* get_grades_xml_template.xml */ = {isa = PBXFileReference; fileEncoding = 4; lastKnownFileType = text.xml; path = get_grades_xml_template.xml; sourceTree = "<group>"; };
		FE66DEE0172634CA00EFAD98 /* get_main_xml_template.xml */ = {isa = PBXFileReference; fileEncoding = 4; lastKnownFileType = text.xml; path = get_main_xml_template.xml; sourceTree = "<group>"; };
		FE66DEE1172634CA00EFAD98 /* TestXml.xml */ = {isa = PBXFileReference; fileEncoding = 4; lastKnownFileType = text.xml; path = TestXml.xml; sourceTree = "<group>"; };
		FE66DEE2172634CA00EFAD98 /* thb12.jpg */ = {isa = PBXFileReference; lastKnownFileType = image.jpeg; path = thb12.jpg; sourceTree = "<group>"; };
		FE66DEE5172634CA00EFAD98 /* DashboardItem.png */ = {isa = PBXFileReference; lastKnownFileType = image.png; path = DashboardItem.png; sourceTree = "<group>"; };
		FE66DEE6172634CA00EFAD98 /* loginFields.png */ = {isa = PBXFileReference; lastKnownFileType = image.png; path = loginFields.png; sourceTree = "<group>"; };
		FE66DEE7172634CA00EFAD98 /* Menu.png */ = {isa = PBXFileReference; lastKnownFileType = image.png; path = Menu.png; sourceTree = "<group>"; };
		FE66DEE8172634CA00EFAD98 /* ModulesButton.png */ = {isa = PBXFileReference; lastKnownFileType = image.png; path = ModulesButton.png; sourceTree = "<group>"; };
		FE66DEE9172634CA00EFAD98 /* SearchBarActive.png */ = {isa = PBXFileReference; lastKnownFileType = image.png; path = SearchBarActive.png; sourceTree = "<group>"; };
		FE66DEEA172634CA00EFAD98 /* SearchBarDefault.png */ = {isa = PBXFileReference; lastKnownFileType = image.png; path = SearchBarDefault.png; sourceTree = "<group>"; };
		FE66DEEB172634CA00EFAD98 /* wideDarkLogin.png */ = {isa = PBXFileReference; lastKnownFileType = image.png; path = wideDarkLogin.png; sourceTree = "<group>"; };
		FE66DEEC172634CA00EFAD98 /* wideDarkLoginAuth.png */ = {isa = PBXFileReference; lastKnownFileType = image.png; path = wideDarkLoginAuth.png; sourceTree = "<group>"; };
		FE66DEED172634CA00EFAD98 /* wideDarkLoginDone.png */ = {isa = PBXFileReference; lastKnownFileType = image.png; path = wideDarkLoginDone.png; sourceTree = "<group>"; };
		FE66DEEE172634CA00EFAD98 /* wideDarkLoginLoading.png */ = {isa = PBXFileReference; lastKnownFileType = image.png; path = wideDarkLoginLoading.png; sourceTree = "<group>"; };
		FE66DEF0172634CA00EFAD98 /* basicWideDarkBtn.psd */ = {isa = PBXFileReference; lastKnownFileType = file; path = basicWideDarkBtn.psd; sourceTree = "<group>"; };
		FE66DEF1172634CA00EFAD98 /* btnLogin.psd */ = {isa = PBXFileReference; lastKnownFileType = file; path = btnLogin.psd; sourceTree = "<group>"; };
		FE66DEF2172634CA00EFAD98 /* btnTemplate.psd */ = {isa = PBXFileReference; lastKnownFileType = file; path = btnTemplate.psd; sourceTree = "<group>"; };
		FE66DEF3172634CA00EFAD98 /* loginFields.psd */ = {isa = PBXFileReference; lastKnownFileType = file; path = loginFields.psd; sourceTree = "<group>"; };
		FE66DEF4172634CA00EFAD98 /* MenuItem.psd */ = {isa = PBXFileReference; lastKnownFileType = file; path = MenuItem.psd; sourceTree = "<group>"; };
		FE66DEF5172634CA00EFAD98 /* ModulesButton.psd */ = {isa = PBXFileReference; lastKnownFileType = file; path = ModulesButton.psd; sourceTree = "<group>"; };
		FE66DEF6172634CA00EFAD98 /* Ring.psd */ = {isa = PBXFileReference; lastKnownFileType = file; path = Ring.psd; sourceTree = "<group>"; };
		FE66DEF7172634CA00EFAD98 /* SearchBar.psd */ = {isa = PBXFileReference; lastKnownFileType = file; path = SearchBar.psd; sourceTree = "<group>"; };
		FE66DEF8172634CA00EFAD98 /* TwoElementTabBar.psd */ = {isa = PBXFileReference; lastKnownFileType = file; path = TwoElementTabBar.psd; sourceTree = "<group>"; };
		FE66DEF9172634CA00EFAD98 /* wideDarkLogin.psd */ = {isa = PBXFileReference; lastKnownFileType = file; path = wideDarkLogin.psd; sourceTree = "<group>"; };
		FE66DEFC172634CA00EFAD98 /* CATEDataExtractor.h */ = {isa = PBXFileReference; fileEncoding = 4; lastKnownFileType = sourcecode.c.h; path = CATEDataExtractor.h; sourceTree = "<group>"; };
		FE66DEFD172634CA00EFAD98 /* CATEDataExtractor.m */ = {isa = PBXFileReference; fileEncoding = 4; lastKnownFileType = sourcecode.c.objc; path = CATEDataExtractor.m; sourceTree = "<group>"; };
		FE66DEFF172634CA00EFAD98 /* CATESharedData.h */ = {isa = PBXFileReference; fileEncoding = 4; lastKnownFileType = sourcecode.c.h; path = CATESharedData.h; sourceTree = "<group>"; };
		FE66DF00172634CA00EFAD98 /* CATESharedData.m */ = {isa = PBXFileReference; fileEncoding = 4; lastKnownFileType = sourcecode.c.objc; path = CATESharedData.m; sourceTree = "<group>"; };
		FE66DF02172634CA00EFAD98 /* CATEUtilities.h */ = {isa = PBXFileReference; fileEncoding = 4; lastKnownFileType = sourcecode.c.h; path = CATEUtilities.h; sourceTree = "<group>"; };
		FE66DF03172634CA00EFAD98 /* CATEUtilities.m */ = {isa = PBXFileReference; fileEncoding = 4; lastKnownFileType = sourcecode.c.objc; path = CATEUtilities.m; sourceTree = "<group>"; };
		FE66DF05172634CA00EFAD98 /* SMXMLDocument.h */ = {isa = PBXFileReference; fileEncoding = 4; lastKnownFileType = sourcecode.c.h; path = SMXMLDocument.h; sourceTree = "<group>"; };
		FE66DF06172634CA00EFAD98 /* SMXMLDocument.m */ = {isa = PBXFileReference; fileEncoding = 4; lastKnownFileType = sourcecode.c.objc; path = SMXMLDocument.m; sourceTree = "<group>"; };
		FE66DF09172634CA00EFAD98 /* CATEDashboardViewController.h */ = {isa = PBXFileReference; fileEncoding = 4; lastKnownFileType = sourcecode.c.h; path = CATEDashboardViewController.h; sourceTree = "<group>"; };
		FE66DF0A172634CA00EFAD98 /* CATEDashboardViewController.m */ = {isa = PBXFileReference; fileEncoding = 4; lastKnownFileType = sourcecode.c.objc; path = CATEDashboardViewController.m; sourceTree = "<group>"; };
		FE66DF0C172634CA00EFAD98 /* CATEFirstViewController.h */ = {isa = PBXFileReference; fileEncoding = 4; lastKnownFileType = sourcecode.c.h; path = CATEFirstViewController.h; sourceTree = "<group>"; };
		FE66DF0D172634CA00EFAD98 /* CATEFirstViewController.m */ = {isa = PBXFileReference; fileEncoding = 4; lastKnownFileType = sourcecode.c.objc; path = CATEFirstViewController.m; sourceTree = "<group>"; };
		FE66DF0F172634CA00EFAD98 /* CATELoginViewController.h */ = {isa = PBXFileReference; fileEncoding = 4; lastKnownFileType = sourcecode.c.h; path = CATELoginViewController.h; sourceTree = "<group>"; };
		FE66DF10172634CA00EFAD98 /* CATELoginViewController.m */ = {isa = PBXFileReference; fileEncoding = 4; lastKnownFileType = sourcecode.c.objc; path = CATELoginViewController.m; sourceTree = "<group>"; };
		FE66DF13172634CA00EFAD98 /* bootstrap.min.css */ = {isa = PBXFileReference; fileEncoding = 4; lastKnownFileType = text.css; path = bootstrap.min.css; sourceTree = "<group>"; };
		FE66DF14172634CA00EFAD98 /* bootstrap.min.js */ = {isa = PBXFileReference; fileEncoding = 4; lastKnownFileType = sourcecode.javascript; path = bootstrap.min.js; sourceTree = "<group>"; };
		FE66DF15172634CA00EFAD98 /* jquery-1.9.1.min.js */ = {isa = PBXFileReference; fileEncoding = 4; lastKnownFileType = sourcecode.javascript; path = "jquery-1.9.1.min.js"; sourceTree = "<group>"; };
		FE66DF17172634CA00EFAD98 /* extraction_tools.coffee */ = {isa = PBXFileReference; fileEncoding = 4; lastKnownFileType = text; path = extraction_tools.coffee; sourceTree = "<group>"; };
		FE66DF18172634CA00EFAD98 /* extraction_tools.js */ = {isa = PBXFileReference; fileEncoding = 4; lastKnownFileType = sourcecode.javascript; path = extraction_tools.js; sourceTree = "<group>"; };
		FE66DF19172634CA00EFAD98 /* extraction_page.html */ = {isa = PBXFileReference; fileEncoding = 4; lastKnownFileType = text.html; path = extraction_page.html; sourceTree = "<group>"; };
		FE66DF1A172634CA00EFAD98 /* loading_page.html */ = {isa = PBXFileReference; fileEncoding = 4; lastKnownFileType = text.html; path = loading_page.html; sourceTree = "<group>"; };
		FE66DF1C172634CA00EFAD98 /* loading_page.css */ = {isa = PBXFileReference; fileEncoding = 4; lastKnownFileType = text.css; path = loading_page.css; sourceTree = "<group>"; };
		FE66DF5F1726360C00EFAD98 /* CATE-Info.plist */ = {isa = PBXFileReference; fileEncoding = 4; lastKnownFileType = text.plist.xml; path = "CATE-Info.plist"; sourceTree = "<group>"; };
		FE66DF601726360C00EFAD98 /* CATE-Prefix.pch */ = {isa = PBXFileReference; fileEncoding = 4; lastKnownFileType = sourcecode.c.h; path = "CATE-Prefix.pch"; sourceTree = "<group>"; };
		FE66DF611726360C00EFAD98 /* CATEAppDelegate.h */ = {isa = PBXFileReference; fileEncoding = 4; lastKnownFileType = sourcecode.c.h; path = CATEAppDelegate.h; sourceTree = "<group>"; };
		FE66DF621726360C00EFAD98 /* CATEAppDelegate.m */ = {isa = PBXFileReference; fileEncoding = 4; lastKnownFileType = sourcecode.c.objc; path = CATEAppDelegate.m; sourceTree = "<group>"; };
		FE66DF651726360C00EFAD98 /* CATEIdentity.h */ = {isa = PBXFileReference; fileEncoding = 4; lastKnownFileType = sourcecode.c.h; path = CATEIdentity.h; sourceTree = "<group>"; };
		FE66DF661726360C00EFAD98 /* CATEIdentity.m */ = {isa = PBXFileReference; fileEncoding = 4; lastKnownFileType = sourcecode.c.objc; path = CATEIdentity.m; sourceTree = "<group>"; };
		FE66DF681726360C00EFAD98 /* CATERecord.h */ = {isa = PBXFileReference; fileEncoding = 4; lastKnownFileType = sourcecode.c.h; path = CATERecord.h; sourceTree = "<group>"; };
		FE66DF691726360C00EFAD98 /* CATERecord.m */ = {isa = PBXFileReference; fileEncoding = 4; lastKnownFileType = sourcecode.c.objc; path = CATERecord.m; sourceTree = "<group>"; };
		FE66DF6B1726360C00EFAD98 /* CATERecordExercise.h */ = {isa = PBXFileReference; fileEncoding = 4; lastKnownFileType = sourcecode.c.h; path = CATERecordExercise.h; sourceTree = "<group>"; };
		FE66DF6C1726360C00EFAD98 /* CATERecordExercise.m */ = {isa = PBXFileReference; fileEncoding = 4; lastKnownFileType = sourcecode.c.objc; path = CATERecordExercise.m; sourceTree = "<group>"; };
		FE66DF6E1726360C00EFAD98 /* CATERecordModule.h */ = {isa = PBXFileReference; fileEncoding = 4; lastKnownFileType = sourcecode.c.h; path = CATERecordModule.h; sourceTree = "<group>"; };
		FE66DF6F1726360C00EFAD98 /* CATERecordModule.m */ = {isa = PBXFileReference; fileEncoding = 4; lastKnownFileType = sourcecode.c.objc; path = CATERecordModule.m; sourceTree = "<group>"; };
		FE66DF711726360C00EFAD98 /* CATERecordStats.h */ = {isa = PBXFileReference; fileEncoding = 4; lastKnownFileType = sourcecode.c.h; path = CATERecordStats.h; sourceTree = "<group>"; };
		FE66DF721726360C00EFAD98 /* CATERecordStats.m */ = {isa = PBXFileReference; fileEncoding = 4; lastKnownFileType = sourcecode.c.objc; path = CATERecordStats.m; sourceTree = "<group>"; };
		FE66DF751726360C00EFAD98 /* CATEExercise.h */ = {isa = PBXFileReference; fileEncoding = 4; lastKnownFileType = sourcecode.c.h; path = CATEExercise.h; sourceTree = "<group>"; };
		FE66DF761726360C00EFAD98 /* CATEExercise.m */ = {isa = PBXFileReference; fileEncoding = 4; lastKnownFileType = sourcecode.c.objc; path = CATEExercise.m; sourceTree = "<group>"; };
		FE66DF781726360C00EFAD98 /* CATEModule.h */ = {isa = PBXFileReference; fileEncoding = 4; lastKnownFileType = sourcecode.c.h; path = CATEModule.h; sourceTree = "<group>"; };
		FE66DF791726360C00EFAD98 /* CATEModule.m */ = {isa = PBXFileReference; fileEncoding = 4; lastKnownFileType = sourcecode.c.objc; path = CATEModule.m; sourceTree = "<group>"; };
		FE66DF7A1726360C00EFAD98 /* CATETerm.h */ = {isa = PBXFileReference; fileEncoding = 4; lastKnownFileType = sourcecode.c.h; path = CATETerm.h; sourceTree = "<group>"; };
		FE66DF7B1726360C00EFAD98 /* CATETerm.m */ = {isa = PBXFileReference; fileEncoding = 4; lastKnownFileType = sourcecode.c.objc; path = CATETerm.m; sourceTree = "<group>"; };
		FE66DF7E1726360C00EFAD98 /* en */ = {isa = PBXFileReference; lastKnownFileType = text.plist.strings; name = en; path = InfoPlist.strings; sourceTree = "<group>"; };
		FE66DF801726360C00EFAD98 /* en */ = {isa = PBXFileReference; lastKnownFileType = file.storyboard; name = en; path = MainStoryboard.storyboard; sourceTree = "<group>"; };
		FE66DF821726360C00EFAD98 /* basicLogo.png */ = {isa = PBXFileReference; lastKnownFileType = image.png; path = basicLogo.png; sourceTree = "<group>"; };
		FE66DF831726360C00EFAD98 /* basicLogo.psd */ = {isa = PBXFileReference; lastKnownFileType = file; path = basicLogo.psd; sourceTree = "<group>"; };
		FE66DF841726360C00EFAD98 /* btnLogin.png */ = {isa = PBXFileReference; lastKnownFileType = image.png; path = btnLogin.png; sourceTree = "<group>"; };
		FE66DF851726360C00EFAD98 /* stdBg.psd */ = {isa = PBXFileReference; lastKnownFileType = file; path = stdBg.psd; sourceTree = "<group>"; };
		FE66DF861726360C00EFAD98 /* stdBgNoSig.png */ = {isa = PBXFileReference; lastKnownFileType = image.png; path = stdBgNoSig.png; sourceTree = "<group>"; };
		FE66DF871726360C00EFAD98 /* main.m */ = {isa = PBXFileReference; fileEncoding = 4; lastKnownFileType = sourcecode.c.objc; path = main.m; sourceTree = "<group>"; };
		FE66DF891726360C00EFAD98 /* Default-568h@2x.png */ = {isa = PBXFileReference; lastKnownFileType = image.png; path = "Default-568h@2x.png"; sourceTree = "<group>"; };
		FE66DF8A1726360C00EFAD98 /* Default.png */ = {isa = PBXFileReference; lastKnownFileType = image.png; path = Default.png; sourceTree = "<group>"; };
		FE66DF8B1726360C00EFAD98 /* Default@2x.png */ = {isa = PBXFileReference; lastKnownFileType = image.png; path = "Default@2x.png"; sourceTree = "<group>"; };
		FE66DF8C1726360C00EFAD98 /* first.png */ = {isa = PBXFileReference; lastKnownFileType = image.png; path = first.png; sourceTree = "<group>"; };
		FE66DF8D1726360C00EFAD98 /* first@2x.png */ = {isa = PBXFileReference; lastKnownFileType = image.png; path = "first@2x.png"; sourceTree = "<group>"; };
		FE66DF8E1726360C00EFAD98 /* second.png */ = {isa = PBXFileReference; lastKnownFileType = image.png; path = second.png; sourceTree = "<group>"; };
		FE66DF8F1726360C00EFAD98 /* second@2x.png */ = {isa = PBXFileReference; lastKnownFileType = image.png; path = "second@2x.png"; sourceTree = "<group>"; };
		FE66DF911726360C00EFAD98 /* exerciseData.xml */ = {isa = PBXFileReference; fileEncoding = 4; lastKnownFileType = text.xml; path = exerciseData.xml; sourceTree = "<group>"; };
		FE66DF921726360C00EFAD98 /* get_exercises_xml_template.xml */ = {isa = PBXFileReference; fileEncoding = 4; lastKnownFileType = text.xml; path = get_exercises_xml_template.xml; sourceTree = "<group>"; };
		FE66DF931726360C00EFAD98 /* get_grades_xml_template.xml */ = {isa = PBXFileReference; fileEncoding = 4; lastKnownFileType = text.xml; path = get_grades_xml_template.xml; sourceTree = "<group>"; };
		FE66DF941726360C00EFAD98 /* get_main_xml_template.xml */ = {isa = PBXFileReference; fileEncoding = 4; lastKnownFileType = text.xml; path = get_main_xml_template.xml; sourceTree = "<group>"; };
		FE66DF951726360C00EFAD98 /* TestXml.xml */ = {isa = PBXFileReference; fileEncoding = 4; lastKnownFileType = text.xml; path = TestXml.xml; sourceTree = "<group>"; };
		FE66DF961726360C00EFAD98 /* thb12.jpg */ = {isa = PBXFileReference; lastKnownFileType = image.jpeg; path = thb12.jpg; sourceTree = "<group>"; };
		FE66DF991726360C00EFAD98 /* DashboardItem.png */ = {isa = PBXFileReference; lastKnownFileType = image.png; path = DashboardItem.png; sourceTree = "<group>"; };
		FE66DF9A1726360C00EFAD98 /* loginFields.png */ = {isa = PBXFileReference; lastKnownFileType = image.png; path = loginFields.png; sourceTree = "<group>"; };
		FE66DF9B1726360C00EFAD98 /* Menu.png */ = {isa = PBXFileReference; lastKnownFileType = image.png; path = Menu.png; sourceTree = "<group>"; };
		FE66DF9C1726360C00EFAD98 /* ModulesButton.png */ = {isa = PBXFileReference; lastKnownFileType = image.png; path = ModulesButton.png; sourceTree = "<group>"; };
		FE66DF9D1726360C00EFAD98 /* SearchBarActive.png */ = {isa = PBXFileReference; lastKnownFileType = image.png; path = SearchBarActive.png; sourceTree = "<group>"; };
		FE66DF9E1726360C00EFAD98 /* SearchBarDefault.png */ = {isa = PBXFileReference; lastKnownFileType = image.png; path = SearchBarDefault.png; sourceTree = "<group>"; };
		FE66DF9F1726360C00EFAD98 /* wideDarkLogin.png */ = {isa = PBXFileReference; lastKnownFileType = image.png; path = wideDarkLogin.png; sourceTree = "<group>"; };
		FE66DFA01726360C00EFAD98 /* wideDarkLoginAuth.png */ = {isa = PBXFileReference; lastKnownFileType = image.png; path = wideDarkLoginAuth.png; sourceTree = "<group>"; };
		FE66DFA11726360C00EFAD98 /* wideDarkLoginDone.png */ = {isa = PBXFileReference; lastKnownFileType = image.png; path = wideDarkLoginDone.png; sourceTree = "<group>"; };
		FE66DFA21726360C00EFAD98 /* wideDarkLoginLoading.png */ = {isa = PBXFileReference; lastKnownFileType = image.png; path = wideDarkLoginLoading.png; sourceTree = "<group>"; };
		FE66DFA41726360C00EFAD98 /* basicWideDarkBtn.psd */ = {isa = PBXFileReference; lastKnownFileType = file; path = basicWideDarkBtn.psd; sourceTree = "<group>"; };
		FE66DFA51726360C00EFAD98 /* btnLogin.psd */ = {isa = PBXFileReference; lastKnownFileType = file; path = btnLogin.psd; sourceTree = "<group>"; };
		FE66DFA61726360C00EFAD98 /* btnTemplate.psd */ = {isa = PBXFileReference; lastKnownFileType = file; path = btnTemplate.psd; sourceTree = "<group>"; };
		FE66DFA71726360C00EFAD98 /* loginFields.psd */ = {isa = PBXFileReference; lastKnownFileType = file; path = loginFields.psd; sourceTree = "<group>"; };
		FE66DFA81726360C00EFAD98 /* MenuItem.psd */ = {isa = PBXFileReference; lastKnownFileType = file; path = MenuItem.psd; sourceTree = "<group>"; };
		FE66DFA91726360C00EFAD98 /* ModulesButton.psd */ = {isa = PBXFileReference; lastKnownFileType = file; path = ModulesButton.psd; sourceTree = "<group>"; };
		FE66DFAA1726360C00EFAD98 /* Ring.psd */ = {isa = PBXFileReference; lastKnownFileType = file; path = Ring.psd; sourceTree = "<group>"; };
		FE66DFAB1726360C00EFAD98 /* SearchBar.psd */ = {isa = PBXFileReference; lastKnownFileType = file; path = SearchBar.psd; sourceTree = "<group>"; };
		FE66DFAC1726360C00EFAD98 /* TwoElementTabBar.psd */ = {isa = PBXFileReference; lastKnownFileType = file; path = TwoElementTabBar.psd; sourceTree = "<group>"; };
		FE66DFAD1726360D00EFAD98 /* wideDarkLogin.psd */ = {isa = PBXFileReference; lastKnownFileType = file; path = wideDarkLogin.psd; sourceTree = "<group>"; };
		FE66DFB01726360D00EFAD98 /* CATEDataExtractor.h */ = {isa = PBXFileReference; fileEncoding = 4; lastKnownFileType = sourcecode.c.h; path = CATEDataExtractor.h; sourceTree = "<group>"; };
		FE66DFB11726360D00EFAD98 /* CATEDataExtractor.m */ = {isa = PBXFileReference; fileEncoding = 4; lastKnownFileType = sourcecode.c.objc; path = CATEDataExtractor.m; sourceTree = "<group>"; };
		FE66DFB31726360D00EFAD98 /* CATESharedData.h */ = {isa = PBXFileReference; fileEncoding = 4; lastKnownFileType = sourcecode.c.h; path = CATESharedData.h; sourceTree = "<group>"; };
		FE66DFB41726360D00EFAD98 /* CATESharedData.m */ = {isa = PBXFileReference; fileEncoding = 4; lastKnownFileType = sourcecode.c.objc; path = CATESharedData.m; sourceTree = "<group>"; };
		FE66DFB61726360D00EFAD98 /* CATEUtilities.h */ = {isa = PBXFileReference; fileEncoding = 4; lastKnownFileType = sourcecode.c.h; path = CATEUtilities.h; sourceTree = "<group>"; };
		FE66DFB71726360D00EFAD98 /* CATEUtilities.m */ = {isa = PBXFileReference; fileEncoding = 4; lastKnownFileType = sourcecode.c.objc; path = CATEUtilities.m; sourceTree = "<group>"; };
		FE66DFB91726360D00EFAD98 /* SMXMLDocument.h */ = {isa = PBXFileReference; fileEncoding = 4; lastKnownFileType = sourcecode.c.h; path = SMXMLDocument.h; sourceTree = "<group>"; };
		FE66DFBA1726360D00EFAD98 /* SMXMLDocument.m */ = {isa = PBXFileReference; fileEncoding = 4; lastKnownFileType = sourcecode.c.objc; path = SMXMLDocument.m; sourceTree = "<group>"; };
		FE66DFBD1726360D00EFAD98 /* CATEDashboardViewController.h */ = {isa = PBXFileReference; fileEncoding = 4; lastKnownFileType = sourcecode.c.h; path = CATEDashboardViewController.h; sourceTree = "<group>"; };
		FE66DFBE1726360D00EFAD98 /* CATEDashboardViewController.m */ = {isa = PBXFileReference; fileEncoding = 4; lastKnownFileType = sourcecode.c.objc; path = CATEDashboardViewController.m; sourceTree = "<group>"; };
		FE66DFC01726360D00EFAD98 /* CATEFirstViewController.h */ = {isa = PBXFileReference; fileEncoding = 4; lastKnownFileType = sourcecode.c.h; path = CATEFirstViewController.h; sourceTree = "<group>"; };
		FE66DFC11726360D00EFAD98 /* CATEFirstViewController.m */ = {isa = PBXFileReference; fileEncoding = 4; lastKnownFileType = sourcecode.c.objc; path = CATEFirstViewController.m; sourceTree = "<group>"; };
		FE66DFC31726360D00EFAD98 /* CATELoginViewController.h */ = {isa = PBXFileReference; fileEncoding = 4; lastKnownFileType = sourcecode.c.h; path = CATELoginViewController.h; sourceTree = "<group>"; };
		FE66DFC41726360D00EFAD98 /* CATELoginViewController.m */ = {isa = PBXFileReference; fileEncoding = 4; lastKnownFileType = sourcecode.c.objc; path = CATELoginViewController.m; sourceTree = "<group>"; };
		FE66DFC71726360D00EFAD98 /* bootstrap.min.css */ = {isa = PBXFileReference; fileEncoding = 4; lastKnownFileType = text.css; path = bootstrap.min.css; sourceTree = "<group>"; };
		FE66DFC81726360D00EFAD98 /* bootstrap.min.js */ = {isa = PBXFileReference; fileEncoding = 4; lastKnownFileType = sourcecode.javascript; path = bootstrap.min.js; sourceTree = "<group>"; };
		FE66DFC91726360D00EFAD98 /* jquery-1.9.1.min.js */ = {isa = PBXFileReference; fileEncoding = 4; lastKnownFileType = sourcecode.javascript; path = "jquery-1.9.1.min.js"; sourceTree = "<group>"; };
		FE66DFCB1726360D00EFAD98 /* extraction_tools.coffee */ = {isa = PBXFileReference; fileEncoding = 4; lastKnownFileType = text; path = extraction_tools.coffee; sourceTree = "<group>"; };
		FE66DFCC1726360D00EFAD98 /* extraction_tools.js */ = {isa = PBXFileReference; fileEncoding = 4; lastKnownFileType = sourcecode.javascript; path = extraction_tools.js; sourceTree = "<group>"; };
		FE66DFCD1726360D00EFAD98 /* extraction_page.html */ = {isa = PBXFileReference; fileEncoding = 4; lastKnownFileType = text.html; path = extraction_page.html; sourceTree = "<group>"; };
		FE66DFCE1726360D00EFAD98 /* loading_page.html */ = {isa = PBXFileReference; fileEncoding = 4; lastKnownFileType = text.html; path = loading_page.html; sourceTree = "<group>"; };
		FE66DFD01726360D00EFAD98 /* loading_page.css */ = {isa = PBXFileReference; fileEncoding = 4; lastKnownFileType = text.css; path = loading_page.css; sourceTree = "<group>"; };
		FEE8565A1732CB8A00EA8CF2 /* stdBg.png */ = {isa = PBXFileReference; lastKnownFileType = image.png; path = stdBg.png; sourceTree = "<group>"; };
/* End PBXFileReference section */

/* Begin PBXFrameworksBuildPhase section */
		0889EF531716299600FEB988 /* Frameworks */ = {
			isa = PBXFrameworksBuildPhase;
			buildActionMask = 2147483647;
			files = (
				0889EF5A1716299600FEB988 /* UIKit.framework in Frameworks */,
				0889EF5C1716299600FEB988 /* Foundation.framework in Frameworks */,
				0889EF5E1716299600FEB988 /* CoreGraphics.framework in Frameworks */,
			);
			runOnlyForDeploymentPostprocessing = 0;
		};
		0889EF831716299600FEB988 /* Frameworks */ = {
			isa = PBXFrameworksBuildPhase;
			buildActionMask = 2147483647;
			files = (
				0889EF891716299600FEB988 /* SenTestingKit.framework in Frameworks */,
				0889EF8A1716299600FEB988 /* UIKit.framework in Frameworks */,
				0889EF8B1716299600FEB988 /* Foundation.framework in Frameworks */,
			);
			runOnlyForDeploymentPostprocessing = 0;
		};
/* End PBXFrameworksBuildPhase section */

/* Begin PBXGroup section */
		087AC297174D4C9600C33AEF /* CATEModule */ = {
			isa = PBXGroup;
			children = (
				087AC29B174D4CCB00C33AEF /* CATEModule.h */,
				087AC29C174D4CCB00C33AEF /* CATEModule.m */,
			);
			name = CATEModule;
			sourceTree = "<group>";
		};
		087AC298174D4CA400C33AEF /* CATEExercise */ = {
			isa = PBXGroup;
			children = (
				087AC29F174D4F3400C33AEF /* CATEExercise.m */,
				087AC2A1174D500E00C33AEF /* CATEExercise.h */,
			);
			name = CATEExercise;
			sourceTree = "<group>";
		};
		087AC299174D4CAD00C33AEF /* CATEGrade */ = {
			isa = PBXGroup;
			children = (
			);
			name = CATEGrade;
			sourceTree = "<group>";
		};
		087AC29A174D4CB500C33AEF /* CATEProject */ = {
			isa = PBXGroup;
			children = (
			);
			name = CATEProject;
			sourceTree = "<group>";
		};
		087AC2A2174D514900C33AEF /* OldDataStructures */ = {
			isa = PBXGroup;
			children = (
				FE66DF671726360C00EFAD98 /* CATERecord */,
				FE66DF731726360C00EFAD98 /* CATETerm */,
			);
			name = OldDataStructures;
			sourceTree = "<group>";
		};
		0889EF4D1716299600FEB988 = {
			isa = PBXGroup;
			children = (
				087AC2A2174D514900C33AEF /* OldDataStructures */,
				0889EF5F1716299600FEB988 /* CATE */,
				0889EF8E1716299600FEB988 /* CATETests */,
				0889EF581716299600FEB988 /* Frameworks */,
				0889EF571716299600FEB988 /* Products */,
			);
			sourceTree = "<group>";
		};
		0889EF571716299600FEB988 /* Products */ = {
			isa = PBXGroup;
			children = (
				0889EF561716299600FEB988 /* CATE.app */,
				0889EF871716299600FEB988 /* CATETests.octest */,
			);
			name = Products;
			sourceTree = "<group>";
		};
		0889EF581716299600FEB988 /* Frameworks */ = {
			isa = PBXGroup;
			children = (
				0889EF591716299600FEB988 /* UIKit.framework */,
				0889EF5B1716299600FEB988 /* Foundation.framework */,
				0889EF5D1716299600FEB988 /* CoreGraphics.framework */,
				0889EF881716299600FEB988 /* SenTestingKit.framework */,
			);
			name = Frameworks;
			sourceTree = "<group>";
		};
		0889EF5F1716299600FEB988 /* CATE */ = {
			isa = PBXGroup;
			children = (
				FE66DF7F1726360C00EFAD98 /* MainStoryboard.storyboard */,
				FE66DF5F1726360C00EFAD98 /* CATE-Info.plist */,
				FE66DF601726360C00EFAD98 /* CATE-Prefix.pch */,
				FE66DF611726360C00EFAD98 /* CATEAppDelegate.h */,
				FE66DF621726360C00EFAD98 /* CATEAppDelegate.m */,
				FE66DF871726360C00EFAD98 /* main.m */,
				FE66DF631726360C00EFAD98 /* DataStructures */,
				FE66DF7C1726360C00EFAD98 /* en.lproj */,
				FE66DF811726360C00EFAD98 /* ImageResources */,
				FE66DF881726360C00EFAD98 /* SystemEssentials */,
				FE66DF901726360C00EFAD98 /* TestingData */,
				FE66DF971726360C00EFAD98 /* UIComponents */,
				FE66DFAE1726360D00EFAD98 /* Utilities */,
				FE66DFBB1726360D00EFAD98 /* ViewControllers */,
				FE66DFC51726360D00EFAD98 /* WebContent */,
				FE66DEAB172634C900EFAD98 /* DataStructures */,
				FE66DEC4172634C900EFAD98 /* en.lproj */,
				FE66DEC9172634C900EFAD98 /* ImageResources */,
				FE66DEDC172634CA00EFAD98 /* TestingData */,
				FE66DEE3172634CA00EFAD98 /* UIComponents */,
				FE66DEFA172634CA00EFAD98 /* Utilities */,
				FE66DF07172634CA00EFAD98 /* ViewControllers */,
				FE66DF11172634CA00EFAD98 /* WebContent */,
			);
			path = CATE;
			sourceTree = "<group>";
		};
		0889EF8E1716299600FEB988 /* CATETests */ = {
			isa = PBXGroup;
			children = (
				0889EF941716299600FEB988 /* CATETests.h */,
				0889EF951716299600FEB988 /* CATETests.m */,
				0889EF8F1716299600FEB988 /* Supporting Files */,
			);
			path = CATETests;
			sourceTree = "<group>";
		};
		0889EF8F1716299600FEB988 /* Supporting Files */ = {
			isa = PBXGroup;
			children = (
				0889EF901716299600FEB988 /* CATETests-Info.plist */,
				0889EF911716299600FEB988 /* InfoPlist.strings */,
			);
			name = "Supporting Files";
			sourceTree = "<group>";
		};
		FE66DEAB172634C900EFAD98 /* DataStructures */ = {
			isa = PBXGroup;
			children = (
				FE66DEAC172634C900EFAD98 /* CATEIdentity */,
				FE66DEAF172634C900EFAD98 /* CATERecord */,
				FE66DEBB172634C900EFAD98 /* CATETerm */,
			);
			path = DataStructures;
			sourceTree = "<group>";
		};
		FE66DEAC172634C900EFAD98 /* CATEIdentity */ = {
			isa = PBXGroup;
			children = (
				FE66DEAD172634C900EFAD98 /* CATEIdentity.h */,
				FE66DEAE172634C900EFAD98 /* CATEIdentity.m */,
			);
			path = CATEIdentity;
			sourceTree = "<group>";
		};
		FE66DEAF172634C900EFAD98 /* CATERecord */ = {
			isa = PBXGroup;
			children = (
				FE66DEB0172634C900EFAD98 /* CATERecord.h */,
				FE66DEB1172634C900EFAD98 /* CATERecord.m */,
				FE66DEB2172634C900EFAD98 /* CATERecordExercise */,
				FE66DEB5172634C900EFAD98 /* CATERecordModule */,
				FE66DEB8172634C900EFAD98 /* CATERecordStats */,
			);
			path = CATERecord;
			sourceTree = "<group>";
		};
		FE66DEB2172634C900EFAD98 /* CATERecordExercise */ = {
			isa = PBXGroup;
			children = (
				FE66DEB3172634C900EFAD98 /* CATERecordExercise.h */,
				FE66DEB4172634C900EFAD98 /* CATERecordExercise.m */,
			);
			path = CATERecordExercise;
			sourceTree = "<group>";
		};
		FE66DEB5172634C900EFAD98 /* CATERecordModule */ = {
			isa = PBXGroup;
			children = (
				FE66DEB6172634C900EFAD98 /* CATERecordModule.h */,
				FE66DEB7172634C900EFAD98 /* CATERecordModule.m */,
			);
			path = CATERecordModule;
			sourceTree = "<group>";
		};
		FE66DEB8172634C900EFAD98 /* CATERecordStats */ = {
			isa = PBXGroup;
			children = (
				FE66DEB9172634C900EFAD98 /* CATERecordStats.h */,
				FE66DEBA172634C900EFAD98 /* CATERecordStats.m */,
			);
			path = CATERecordStats;
			sourceTree = "<group>";
		};
		FE66DEBB172634C900EFAD98 /* CATETerm */ = {
			isa = PBXGroup;
			children = (
				FE66DEBC172634C900EFAD98 /* CATEExercise */,
				FE66DEBF172634C900EFAD98 /* CATEModule */,
				FE66DEC2172634C900EFAD98 /* CATETerm.h */,
				FE66DEC3172634C900EFAD98 /* CATETerm.m */,
			);
			path = CATETerm;
			sourceTree = "<group>";
		};
		FE66DEBC172634C900EFAD98 /* CATEExercise */ = {
			isa = PBXGroup;
			children = (
				FE66DEBD172634C900EFAD98 /* CATEExercise.h */,
				FE66DEBE172634C900EFAD98 /* CATEExercise.m */,
			);
			path = CATEExercise;
			sourceTree = "<group>";
		};
		FE66DEBF172634C900EFAD98 /* CATEModule */ = {
			isa = PBXGroup;
			children = (
				FE66DEC0172634C900EFAD98 /* CATEModule.h */,
				FE66DEC1172634C900EFAD98 /* CATEModule.m */,
			);
			path = CATEModule;
			sourceTree = "<group>";
		};
		FE66DEC4172634C900EFAD98 /* en.lproj */ = {
			isa = PBXGroup;
			children = (
				0889EF621716299600FEB988 /* InfoPlist.strings */,
				FE66DED4172634CA00EFAD98 /* Default-568h@2x.png */,
				FE66DED5172634CA00EFAD98 /* Default.png */,
				FE66DED6172634CA00EFAD98 /* Default@2x.png */,
				FE66DED7172634CA00EFAD98 /* first.png */,
				FE66DED8172634CA00EFAD98 /* first@2x.png */,
				FE66DEDA172634CA00EFAD98 /* second.png */,
				FE66DEC7172634C900EFAD98 /* MainStoryboard.storyboard */,
				FE66DEDB172634CA00EFAD98 /* second@2x.png */,
				FE66DEC5172634C900EFAD98 /* InfoPlist.strings */,
			);
			path = en.lproj;
			sourceTree = "<group>";
		};
		FE66DEC9172634C900EFAD98 /* ImageResources */ = {
			isa = PBXGroup;
			children = (
				FE66DECA172634C900EFAD98 /* basicLogo.png */,
				FE66DECB172634CA00EFAD98 /* basicLogo.psd */,
				FE66DECC172634CA00EFAD98 /* btnLogin.png */,
				FE66DECD172634CA00EFAD98 /* stdBg.psd */,
				FE66DECE172634CA00EFAD98 /* stdBgNoSig.png */,
			);
			path = ImageResources;
			sourceTree = "<group>";
		};
		FE66DEDC172634CA00EFAD98 /* TestingData */ = {
			isa = PBXGroup;
			children = (
				FE66DEDD172634CA00EFAD98 /* exerciseData.xml */,
				FE66DEDE172634CA00EFAD98 /* get_exercises_xml_template.xml */,
				FE66DEDF172634CA00EFAD98 /* get_grades_xml_template.xml */,
				FE66DEE0172634CA00EFAD98 /* get_main_xml_template.xml */,
				FE66DEE1172634CA00EFAD98 /* TestXml.xml */,
				FE66DEE2172634CA00EFAD98 /* thb12.jpg */,
			);
			path = TestingData;
			sourceTree = "<group>";
		};
		FE66DEE3172634CA00EFAD98 /* UIComponents */ = {
			isa = PBXGroup;
			children = (
				FE66DEE4172634CA00EFAD98 /* PNG */,
				FE66DEEF172634CA00EFAD98 /* PSD */,
			);
			path = UIComponents;
			sourceTree = "<group>";
		};
		FE66DEE4172634CA00EFAD98 /* PNG */ = {
			isa = PBXGroup;
			children = (
				FE66DEE5172634CA00EFAD98 /* DashboardItem.png */,
				FE66DEE6172634CA00EFAD98 /* loginFields.png */,
				FE66DEE7172634CA00EFAD98 /* Menu.png */,
				FE66DEE8172634CA00EFAD98 /* ModulesButton.png */,
				FE66DEE9172634CA00EFAD98 /* SearchBarActive.png */,
				FE66DEEA172634CA00EFAD98 /* SearchBarDefault.png */,
				FE66DEEB172634CA00EFAD98 /* wideDarkLogin.png */,
				FE66DEEC172634CA00EFAD98 /* wideDarkLoginAuth.png */,
				FE66DEED172634CA00EFAD98 /* wideDarkLoginDone.png */,
				FE66DEEE172634CA00EFAD98 /* wideDarkLoginLoading.png */,
			);
			path = PNG;
			sourceTree = "<group>";
		};
		FE66DEEF172634CA00EFAD98 /* PSD */ = {
			isa = PBXGroup;
			children = (
				FE66DEF0172634CA00EFAD98 /* basicWideDarkBtn.psd */,
				FE66DEF1172634CA00EFAD98 /* btnLogin.psd */,
				FE66DEF2172634CA00EFAD98 /* btnTemplate.psd */,
				FE66DEF3172634CA00EFAD98 /* loginFields.psd */,
				FE66DEF4172634CA00EFAD98 /* MenuItem.psd */,
				FE66DEF5172634CA00EFAD98 /* ModulesButton.psd */,
				FE66DEF6172634CA00EFAD98 /* Ring.psd */,
				FE66DEF7172634CA00EFAD98 /* SearchBar.psd */,
				FE66DEF8172634CA00EFAD98 /* TwoElementTabBar.psd */,
				FE66DEF9172634CA00EFAD98 /* wideDarkLogin.psd */,
			);
			path = PSD;
			sourceTree = "<group>";
		};
		FE66DEFA172634CA00EFAD98 /* Utilities */ = {
			isa = PBXGroup;
			children = (
				FE66DEFB172634CA00EFAD98 /* CATEDataExtractor */,
				FE66DEFE172634CA00EFAD98 /* CATESharedData */,
				FE66DF01172634CA00EFAD98 /* CATEUtilities */,
				FE66DF04172634CA00EFAD98 /* SMXMLDocument */,
			);
			path = Utilities;
			sourceTree = "<group>";
		};
		FE66DEFB172634CA00EFAD98 /* CATEDataExtractor */ = {
			isa = PBXGroup;
			children = (
				FE66DEFC172634CA00EFAD98 /* CATEDataExtractor.h */,
				FE66DEFD172634CA00EFAD98 /* CATEDataExtractor.m */,
			);
			path = CATEDataExtractor;
			sourceTree = "<group>";
		};
		FE66DEFE172634CA00EFAD98 /* CATESharedData */ = {
			isa = PBXGroup;
			children = (
				FE66DEFF172634CA00EFAD98 /* CATESharedData.h */,
				FE66DF00172634CA00EFAD98 /* CATESharedData.m */,
				087AC28F174D429A00C33AEF /* CATESharedDataNew.h */,
				087AC290174D429A00C33AEF /* CATESharedDataNew.m */,
			);
			path = CATESharedData;
			sourceTree = "<group>";
		};
		FE66DF01172634CA00EFAD98 /* CATEUtilities */ = {
			isa = PBXGroup;
			children = (
				FE66DF02172634CA00EFAD98 /* CATEUtilities.h */,
				FE66DF03172634CA00EFAD98 /* CATEUtilities.m */,
			);
			path = CATEUtilities;
			sourceTree = "<group>";
		};
		FE66DF04172634CA00EFAD98 /* SMXMLDocument */ = {
			isa = PBXGroup;
			children = (
				FE66DF05172634CA00EFAD98 /* SMXMLDocument.h */,
				FE66DF06172634CA00EFAD98 /* SMXMLDocument.m */,
			);
			path = SMXMLDocument;
			sourceTree = "<group>";
		};
		FE66DF07172634CA00EFAD98 /* ViewControllers */ = {
			isa = PBXGroup;
			children = (
				FE66DF0E172634CA00EFAD98 /* CATELoginViewController */,
				FE66DF08172634CA00EFAD98 /* CATEDashboardViewController */,
				FE66DF0B172634CA00EFAD98 /* CATEFirstViewController */,
			);
			path = ViewControllers;
			sourceTree = "<group>";
		};
		FE66DF08172634CA00EFAD98 /* CATEDashboardViewController */ = {
			isa = PBXGroup;
			children = (
				FE66DF09172634CA00EFAD98 /* CATEDashboardViewController.h */,
				FE66DF0A172634CA00EFAD98 /* CATEDashboardViewController.m */,
			);
			path = CATEDashboardViewController;
			sourceTree = "<group>";
		};
		FE66DF0B172634CA00EFAD98 /* CATEFirstViewController */ = {
			isa = PBXGroup;
			children = (
				FE66DF0C172634CA00EFAD98 /* CATEFirstViewController.h */,
				FE66DF0D172634CA00EFAD98 /* CATEFirstViewController.m */,
			);
			path = CATEFirstViewController;
			sourceTree = "<group>";
		};
		FE66DF0E172634CA00EFAD98 /* CATELoginViewController */ = {
			isa = PBXGroup;
			children = (
				FE66DF0F172634CA00EFAD98 /* CATELoginViewController.h */,
				FE66DF10172634CA00EFAD98 /* CATELoginViewController.m */,
			);
			path = CATELoginViewController;
			sourceTree = "<group>";
		};
		FE66DF11172634CA00EFAD98 /* WebContent */ = {
			isa = PBXGroup;
			children = (
				FE66DF12172634CA00EFAD98 /* bootstrap */,
				FE66DF16172634CA00EFAD98 /* extraction */,
				FE66DF19172634CA00EFAD98 /* extraction_page.html */,
				FE66DF1A172634CA00EFAD98 /* loading_page.html */,
				FE66DF1B172634CA00EFAD98 /* styles */,
			);
			path = WebContent;
			sourceTree = "<group>";
		};
		FE66DF12172634CA00EFAD98 /* bootstrap */ = {
			isa = PBXGroup;
			children = (
				FE66DF13172634CA00EFAD98 /* bootstrap.min.css */,
				FE66DF14172634CA00EFAD98 /* bootstrap.min.js */,
				FE66DF15172634CA00EFAD98 /* jquery-1.9.1.min.js */,
			);
			path = bootstrap;
			sourceTree = "<group>";
		};
		FE66DF16172634CA00EFAD98 /* extraction */ = {
			isa = PBXGroup;
			children = (
				FE66DF17172634CA00EFAD98 /* extraction_tools.coffee */,
				FE66DF18172634CA00EFAD98 /* extraction_tools.js */,
			);
			path = extraction;
			sourceTree = "<group>";
		};
		FE66DF1B172634CA00EFAD98 /* styles */ = {
			isa = PBXGroup;
			children = (
				FE66DF1C172634CA00EFAD98 /* loading_page.css */,
			);
			path = styles;
			sourceTree = "<group>";
		};
		FE66DF631726360C00EFAD98 /* DataStructures */ = {
			isa = PBXGroup;
			children = (
				087AC29A174D4CB500C33AEF /* CATEProject */,
				087AC299174D4CAD00C33AEF /* CATEGrade */,
				087AC298174D4CA400C33AEF /* CATEExercise */,
				087AC297174D4C9600C33AEF /* CATEModule */,
				FE66DF641726360C00EFAD98 /* CATEIdentity */,
			);
			path = DataStructures;
			sourceTree = "<group>";
		};
		FE66DF641726360C00EFAD98 /* CATEIdentity */ = {
			isa = PBXGroup;
			children = (
				FE66DF651726360C00EFAD98 /* CATEIdentity.h */,
				FE66DF661726360C00EFAD98 /* CATEIdentity.m */,
			);
			path = CATEIdentity;
			sourceTree = "<group>";
		};
		FE66DF671726360C00EFAD98 /* CATERecord */ = {
			isa = PBXGroup;
			children = (
				FE66DF681726360C00EFAD98 /* CATERecord.h */,
				FE66DF691726360C00EFAD98 /* CATERecord.m */,
				FE66DF6A1726360C00EFAD98 /* CATERecordExercise */,
				FE66DF6D1726360C00EFAD98 /* CATERecordModule */,
				FE66DF701726360C00EFAD98 /* CATERecordStats */,
			);
			name = CATERecord;
			path = CATE/DataStructures/CATERecord;
			sourceTree = "<group>";
		};
		FE66DF6A1726360C00EFAD98 /* CATERecordExercise */ = {
			isa = PBXGroup;
			children = (
				FE66DF6B1726360C00EFAD98 /* CATERecordExercise.h */,
				FE66DF6C1726360C00EFAD98 /* CATERecordExercise.m */,
			);
			path = CATERecordExercise;
			sourceTree = "<group>";
		};
		FE66DF6D1726360C00EFAD98 /* CATERecordModule */ = {
			isa = PBXGroup;
			children = (
				FE66DF6E1726360C00EFAD98 /* CATERecordModule.h */,
				FE66DF6F1726360C00EFAD98 /* CATERecordModule.m */,
			);
			path = CATERecordModule;
			sourceTree = "<group>";
		};
		FE66DF701726360C00EFAD98 /* CATERecordStats */ = {
			isa = PBXGroup;
			children = (
				FE66DF711726360C00EFAD98 /* CATERecordStats.h */,
				FE66DF721726360C00EFAD98 /* CATERecordStats.m */,
			);
			path = CATERecordStats;
			sourceTree = "<group>";
		};
		FE66DF731726360C00EFAD98 /* CATETerm */ = {
			isa = PBXGroup;
			children = (
				FE66DF741726360C00EFAD98 /* CATEExercise */,
				FE66DF771726360C00EFAD98 /* CATEModule */,
				FE66DF7A1726360C00EFAD98 /* CATETerm.h */,
				FE66DF7B1726360C00EFAD98 /* CATETerm.m */,
			);
			name = CATETerm;
			path = CATE/DataStructures/CATETerm;
			sourceTree = "<group>";
		};
		FE66DF741726360C00EFAD98 /* CATEExercise */ = {
			isa = PBXGroup;
			children = (
				FE66DF751726360C00EFAD98 /* CATEExercise.h */,
				FE66DF761726360C00EFAD98 /* CATEExercise.m */,
			);
			path = CATEExercise;
			sourceTree = "<group>";
		};
		FE66DF771726360C00EFAD98 /* CATEModule */ = {
			isa = PBXGroup;
			children = (
				FE66DF781726360C00EFAD98 /* CATEModule.h */,
				FE66DF791726360C00EFAD98 /* CATEModule.m */,
			);
			path = CATEModule;
			sourceTree = "<group>";
		};
		FE66DF7C1726360C00EFAD98 /* en.lproj */ = {
			isa = PBXGroup;
			children = (
				FE66DF7D1726360C00EFAD98 /* InfoPlist.strings */,
			);
			path = en.lproj;
			sourceTree = "<group>";
		};
		FE66DF811726360C00EFAD98 /* ImageResources */ = {
			isa = PBXGroup;
			children = (
				FEE8565A1732CB8A00EA8CF2 /* stdBg.png */,
				FE66DF821726360C00EFAD98 /* basicLogo.png */,
				FE66DF831726360C00EFAD98 /* basicLogo.psd */,
				FE66DF841726360C00EFAD98 /* btnLogin.png */,
				FE66DF851726360C00EFAD98 /* stdBg.psd */,
				FE66DF861726360C00EFAD98 /* stdBgNoSig.png */,
			);
			path = ImageResources;
			sourceTree = "<group>";
		};
		FE66DF881726360C00EFAD98 /* SystemEssentials */ = {
			isa = PBXGroup;
			children = (
				FE66DF891726360C00EFAD98 /* Default-568h@2x.png */,
				FE66DF8A1726360C00EFAD98 /* Default.png */,
				FE66DF8B1726360C00EFAD98 /* Default@2x.png */,
				FE66DF8C1726360C00EFAD98 /* first.png */,
				FE66DF8D1726360C00EFAD98 /* first@2x.png */,
				FE66DF8E1726360C00EFAD98 /* second.png */,
				FE66DF8F1726360C00EFAD98 /* second@2x.png */,
			);
			path = SystemEssentials;
			sourceTree = "<group>";
		};
		FE66DF901726360C00EFAD98 /* TestingData */ = {
			isa = PBXGroup;
			children = (
				FE66DF911726360C00EFAD98 /* exerciseData.xml */,
				FE66DF921726360C00EFAD98 /* get_exercises_xml_template.xml */,
				FE66DF931726360C00EFAD98 /* get_grades_xml_template.xml */,
				FE66DF941726360C00EFAD98 /* get_main_xml_template.xml */,
				FE66DF951726360C00EFAD98 /* TestXml.xml */,
				FE66DF961726360C00EFAD98 /* thb12.jpg */,
			);
			path = TestingData;
			sourceTree = "<group>";
		};
		FE66DF971726360C00EFAD98 /* UIComponents */ = {
			isa = PBXGroup;
			children = (
				FE66DF981726360C00EFAD98 /* PNG */,
				FE66DFA31726360C00EFAD98 /* PSD */,
			);
			path = UIComponents;
			sourceTree = "<group>";
		};
		FE66DF981726360C00EFAD98 /* PNG */ = {
			isa = PBXGroup;
			children = (
				FE66DF991726360C00EFAD98 /* DashboardItem.png */,
				FE66DF9A1726360C00EFAD98 /* loginFields.png */,
				FE66DF9B1726360C00EFAD98 /* Menu.png */,
				FE66DF9C1726360C00EFAD98 /* ModulesButton.png */,
				FE66DF9D1726360C00EFAD98 /* SearchBarActive.png */,
				FE66DF9E1726360C00EFAD98 /* SearchBarDefault.png */,
				FE66DF9F1726360C00EFAD98 /* wideDarkLogin.png */,
				FE66DFA01726360C00EFAD98 /* wideDarkLoginAuth.png */,
				FE66DFA11726360C00EFAD98 /* wideDarkLoginDone.png */,
				FE66DFA21726360C00EFAD98 /* wideDarkLoginLoading.png */,
			);
			path = PNG;
			sourceTree = "<group>";
		};
		FE66DFA31726360C00EFAD98 /* PSD */ = {
			isa = PBXGroup;
			children = (
				FE66DFA41726360C00EFAD98 /* basicWideDarkBtn.psd */,
				FE66DFA51726360C00EFAD98 /* btnLogin.psd */,
				FE66DFA61726360C00EFAD98 /* btnTemplate.psd */,
				FE66DFA71726360C00EFAD98 /* loginFields.psd */,
				FE66DFA81726360C00EFAD98 /* MenuItem.psd */,
				FE66DFA91726360C00EFAD98 /* ModulesButton.psd */,
				FE66DFAA1726360C00EFAD98 /* Ring.psd */,
				FE66DFAB1726360C00EFAD98 /* SearchBar.psd */,
				FE66DFAC1726360C00EFAD98 /* TwoElementTabBar.psd */,
				FE66DFAD1726360D00EFAD98 /* wideDarkLogin.psd */,
			);
			path = PSD;
			sourceTree = "<group>";
		};
		FE66DFAE1726360D00EFAD98 /* Utilities */ = {
			isa = PBXGroup;
			children = (
				FE66DFAF1726360D00EFAD98 /* CATEDataExtractor */,
				FE66DFB21726360D00EFAD98 /* CATESharedData */,
				FE66DFB51726360D00EFAD98 /* CATEUtilities */,
				FE66DFB81726360D00EFAD98 /* SMXMLDocument */,
			);
			path = Utilities;
			sourceTree = "<group>";
		};
		FE66DFAF1726360D00EFAD98 /* CATEDataExtractor */ = {
			isa = PBXGroup;
			children = (
				FE66DFB01726360D00EFAD98 /* CATEDataExtractor.h */,
				FE66DFB11726360D00EFAD98 /* CATEDataExtractor.m */,
			);
			path = CATEDataExtractor;
			sourceTree = "<group>";
		};
		FE66DFB21726360D00EFAD98 /* CATESharedData */ = {
			isa = PBXGroup;
			children = (
				FE66DFB31726360D00EFAD98 /* CATESharedData.h */,
				FE66DFB41726360D00EFAD98 /* CATESharedData.m */,
			);
			path = CATESharedData;
			sourceTree = "<group>";
		};
		FE66DFB51726360D00EFAD98 /* CATEUtilities */ = {
			isa = PBXGroup;
			children = (
				FE66DFB61726360D00EFAD98 /* CATEUtilities.h */,
				FE66DFB71726360D00EFAD98 /* CATEUtilities.m */,
			);
			path = CATEUtilities;
			sourceTree = "<group>";
		};
		FE66DFB81726360D00EFAD98 /* SMXMLDocument */ = {
			isa = PBXGroup;
			children = (
				FE66DFB91726360D00EFAD98 /* SMXMLDocument.h */,
				FE66DFBA1726360D00EFAD98 /* SMXMLDocument.m */,
			);
			path = SMXMLDocument;
			sourceTree = "<group>";
		};
		FE66DFBB1726360D00EFAD98 /* ViewControllers */ = {
			isa = PBXGroup;
			children = (
				FE66DFBC1726360D00EFAD98 /* CATEDashboardViewController */,
				FE66DFBF1726360D00EFAD98 /* CATEFirstViewController */,
				FE66DFC21726360D00EFAD98 /* CATELoginViewController */,
			);
			path = ViewControllers;
			sourceTree = "<group>";
		};
		FE66DFBC1726360D00EFAD98 /* CATEDashboardViewController */ = {
			isa = PBXGroup;
			children = (
				FE66DFBD1726360D00EFAD98 /* CATEDashboardViewController.h */,
				FE66DFBE1726360D00EFAD98 /* CATEDashboardViewController.m */,
			);
			path = CATEDashboardViewController;
			sourceTree = "<group>";
		};
		FE66DFBF1726360D00EFAD98 /* CATEFirstViewController */ = {
			isa = PBXGroup;
			children = (
				FE66DFC01726360D00EFAD98 /* CATEFirstViewController.h */,
				FE66DFC11726360D00EFAD98 /* CATEFirstViewController.m */,
			);
			path = CATEFirstViewController;
			sourceTree = "<group>";
		};
		FE66DFC21726360D00EFAD98 /* CATELoginViewController */ = {
			isa = PBXGroup;
			children = (
				FE66DFC31726360D00EFAD98 /* CATELoginViewController.h */,
				FE66DFC41726360D00EFAD98 /* CATELoginViewController.m */,
			);
			path = CATELoginViewController;
			sourceTree = "<group>";
		};
		FE66DFC51726360D00EFAD98 /* WebContent */ = {
			isa = PBXGroup;
			children = (
				FE66DFC61726360D00EFAD98 /* bootstrap */,
				FE66DFCA1726360D00EFAD98 /* extraction */,
				FE66DFCD1726360D00EFAD98 /* extraction_page.html */,
				FE66DFCE1726360D00EFAD98 /* loading_page.html */,
				FE66DFCF1726360D00EFAD98 /* styles */,
			);
			path = WebContent;
			sourceTree = "<group>";
		};
		FE66DFC61726360D00EFAD98 /* bootstrap */ = {
			isa = PBXGroup;
			children = (
				FE66DFC71726360D00EFAD98 /* bootstrap.min.css */,
				FE66DFC81726360D00EFAD98 /* bootstrap.min.js */,
				FE66DFC91726360D00EFAD98 /* jquery-1.9.1.min.js */,
			);
			path = bootstrap;
			sourceTree = "<group>";
		};
		FE66DFCA1726360D00EFAD98 /* extraction */ = {
			isa = PBXGroup;
			children = (
				FE66DFCB1726360D00EFAD98 /* extraction_tools.coffee */,
				FE66DFCC1726360D00EFAD98 /* extraction_tools.js */,
			);
			path = extraction;
			sourceTree = "<group>";
		};
		FE66DFCF1726360D00EFAD98 /* styles */ = {
			isa = PBXGroup;
			children = (
				FE66DFD01726360D00EFAD98 /* loading_page.css */,
			);
			path = styles;
			sourceTree = "<group>";
		};
/* End PBXGroup section */

/* Begin PBXNativeTarget section */
		0889EF551716299600FEB988 /* CATE */ = {
			isa = PBXNativeTarget;
			buildConfigurationList = 0889EF991716299600FEB988 /* Build configuration list for PBXNativeTarget "CATE" */;
			buildPhases = (
				0889EF521716299600FEB988 /* Sources */,
				0889EF531716299600FEB988 /* Frameworks */,
				0889EF541716299600FEB988 /* Resources */,
			);
			buildRules = (
			);
			dependencies = (
			);
			name = CATE;
			productName = CATE;
			productReference = 0889EF561716299600FEB988 /* CATE.app */;
			productType = "com.apple.product-type.application";
		};
		0889EF861716299600FEB988 /* CATETests */ = {
			isa = PBXNativeTarget;
			buildConfigurationList = 0889EF9C1716299600FEB988 /* Build configuration list for PBXNativeTarget "CATETests" */;
			buildPhases = (
				0889EF821716299600FEB988 /* Sources */,
				0889EF831716299600FEB988 /* Frameworks */,
				0889EF841716299600FEB988 /* Resources */,
				0889EF851716299600FEB988 /* ShellScript */,
			);
			buildRules = (
			);
			dependencies = (
				0889EF8D1716299600FEB988 /* PBXTargetDependency */,
			);
			name = CATETests;
			productName = CATETests;
			productReference = 0889EF871716299600FEB988 /* CATETests.octest */;
			productType = "com.apple.product-type.bundle";
		};
/* End PBXNativeTarget section */

/* Begin PBXProject section */
		0889EF4E1716299600FEB988 /* Project object */ = {
			isa = PBXProject;
			attributes = {
				CLASSPREFIX = CATE;
				LastUpgradeCheck = 0460;
				ORGANIZATIONNAME = "Tom Burnell";
			};
			buildConfigurationList = 0889EF511716299600FEB988 /* Build configuration list for PBXProject "CATE" */;
			compatibilityVersion = "Xcode 3.2";
			developmentRegion = English;
			hasScannedForEncodings = 0;
			knownRegions = (
				en,
			);
			mainGroup = 0889EF4D1716299600FEB988;
			productRefGroup = 0889EF571716299600FEB988 /* Products */;
			projectDirPath = "";
			projectRoot = "";
			targets = (
				0889EF551716299600FEB988 /* CATE */,
				0889EF861716299600FEB988 /* CATETests */,
			);
		};
/* End PBXProject section */

/* Begin PBXResourcesBuildPhase section */
		0889EF541716299600FEB988 /* Resources */ = {
			isa = PBXResourcesBuildPhase;
			buildActionMask = 2147483647;
			files = (
				FEFBB5B7174D4C7A00E9F941 /* extraction_tools.js in Resources */,
				FEE856591732CB0500EA8CF2 /* MainStoryboard.storyboard in Resources */,
				FE66DF27172634CA00EFAD98 /* basicLogo.png in Resources */,
				FE66DF29172634CA00EFAD98 /* btnLogin.png in Resources */,
				FE66DF2B172634CA00EFAD98 /* stdBgNoSig.png in Resources */,
				FE66DF2E172634CA00EFAD98 /* Default-568h@2x.png in Resources */,
				FE66DF2F172634CA00EFAD98 /* Default.png in Resources */,
				FE66DF30172634CA00EFAD98 /* Default@2x.png in Resources */,
				FE66DF31172634CA00EFAD98 /* first.png in Resources */,
				FE66DF32172634CA00EFAD98 /* first@2x.png in Resources */,
				FE66DF34172634CA00EFAD98 /* second.png in Resources */,
				FE66DF35172634CA00EFAD98 /* second@2x.png in Resources */,
				FE66DF36172634CA00EFAD98 /* exerciseData.xml in Resources */,
				FE66DF37172634CA00EFAD98 /* get_exercises_xml_template.xml in Resources */,
				FE66DF38172634CA00EFAD98 /* get_grades_xml_template.xml in Resources */,
				FE66DF39172634CA00EFAD98 /* get_main_xml_template.xml in Resources */,
				FE66DF3A172634CA00EFAD98 /* TestXml.xml in Resources */,
				FE66DF3B172634CA00EFAD98 /* thb12.jpg in Resources */,
				FE66DF3C172634CA00EFAD98 /* DashboardItem.png in Resources */,
				FE66DF3D172634CA00EFAD98 /* loginFields.png in Resources */,
				FE66DF3E172634CA00EFAD98 /* Menu.png in Resources */,
				FE66DF3F172634CA00EFAD98 /* ModulesButton.png in Resources */,
				FE66DF40172634CA00EFAD98 /* SearchBarActive.png in Resources */,
				FE66DF41172634CA00EFAD98 /* SearchBarDefault.png in Resources */,
				FE66DF42172634CA00EFAD98 /* wideDarkLogin.png in Resources */,
				FE66DF43172634CA00EFAD98 /* wideDarkLoginAuth.png in Resources */,
				FE66DF44172634CA00EFAD98 /* wideDarkLoginDone.png in Resources */,
				FE66DF45172634CA00EFAD98 /* wideDarkLoginLoading.png in Resources */,
				FE66DF57172634CA00EFAD98 /* bootstrap.min.css in Resources */,
				FE66DF5C172634CA00EFAD98 /* extraction_page.html in Resources */,
				FE66DF5D172634CA00EFAD98 /* loading_page.html in Resources */,
				FE66DF5E172634CA00EFAD98 /* loading_page.css in Resources */,
				FEE8565B1732CB8A00EA8CF2 /* stdBg.png in Resources */,
			);
			runOnlyForDeploymentPostprocessing = 0;
		};
		0889EF841716299600FEB988 /* Resources */ = {
			isa = PBXResourcesBuildPhase;
			buildActionMask = 2147483647;
			files = (
				0889EF931716299600FEB988 /* InfoPlist.strings in Resources */,
			);
			runOnlyForDeploymentPostprocessing = 0;
		};
/* End PBXResourcesBuildPhase section */

/* Begin PBXShellScriptBuildPhase section */
		0889EF851716299600FEB988 /* ShellScript */ = {
			isa = PBXShellScriptBuildPhase;
			buildActionMask = 2147483647;
			files = (
			);
			inputPaths = (
			);
			outputPaths = (
			);
			runOnlyForDeploymentPostprocessing = 0;
			shellPath = /bin/sh;
			shellScript = "# Run the unit tests in this test bundle.\n\"${SYSTEM_DEVELOPER_DIR}/Tools/RunUnitTests\"\n";
		};
/* End PBXShellScriptBuildPhase section */

/* Begin PBXSourcesBuildPhase section */
		0889EF521716299600FEB988 /* Sources */ = {
			isa = PBXSourcesBuildPhase;
			buildActionMask = 2147483647;
			files = (
				FE66E0131726379700EFAD98 /* main.m in Sources */,
				FE66DF1D172634CA00EFAD98 /* CATEIdentity.m in Sources */,
				FE66DF1E172634CA00EFAD98 /* CATERecord.m in Sources */,
				FE66DF1F172634CA00EFAD98 /* CATERecordExercise.m in Sources */,
				FE66DF20172634CA00EFAD98 /* CATERecordModule.m in Sources */,
				FE66DF21172634CA00EFAD98 /* CATERecordStats.m in Sources */,
				FE66DF22172634CA00EFAD98 /* CATEExercise.m in Sources */,
				FE66DF23172634CA00EFAD98 /* CATEModule.m in Sources */,
				FE66DF24172634CA00EFAD98 /* CATETerm.m in Sources */,
				FE66DF50172634CA00EFAD98 /* CATEDataExtractor.m in Sources */,
				FE66DF51172634CA00EFAD98 /* CATESharedData.m in Sources */,
				FE66DF52172634CA00EFAD98 /* CATEUtilities.m in Sources */,
				FE66DF53172634CA00EFAD98 /* SMXMLDocument.m in Sources */,
				FE66DF54172634CA00EFAD98 /* CATEDashboardViewController.m in Sources */,
				FE66DF55172634CA00EFAD98 /* CATEFirstViewController.m in Sources */,
				FE66DF56172634CA00EFAD98 /* CATELoginViewController.m in Sources */,
				FE66DFD21726360D00EFAD98 /* CATEAppDelegate.m in Sources */,
				087AC291174D429A00C33AEF /* CATESharedDataNew.m in Sources */,
				087AC29D174D4CCB00C33AEF /* CATEModule.m in Sources */,
				087AC2A0174D4F3400C33AEF /* CATEExercise.m in Sources */,
			);
			runOnlyForDeploymentPostprocessing = 0;
		};
		0889EF821716299600FEB988 /* Sources */ = {
			isa = PBXSourcesBuildPhase;
			buildActionMask = 2147483647;
			files = (
				0889EF961716299600FEB988 /* CATETests.m in Sources */,
			);
			runOnlyForDeploymentPostprocessing = 0;
		};
/* End PBXSourcesBuildPhase section */

/* Begin PBXTargetDependency section */
		0889EF8D1716299600FEB988 /* PBXTargetDependency */ = {
			isa = PBXTargetDependency;
			target = 0889EF551716299600FEB988 /* CATE */;
			targetProxy = 0889EF8C1716299600FEB988 /* PBXContainerItemProxy */;
		};
/* End PBXTargetDependency section */

/* Begin PBXVariantGroup section */
		0889EF621716299600FEB988 /* InfoPlist.strings */ = {
			isa = PBXVariantGroup;
			children = (
				0889EF631716299600FEB988 /* en */,
			);
			name = InfoPlist.strings;
			path = ..;
			sourceTree = "<group>";
		};
		0889EF911716299600FEB988 /* InfoPlist.strings */ = {
			isa = PBXVariantGroup;
			children = (
				0889EF921716299600FEB988 /* en */,
			);
			name = InfoPlist.strings;
			sourceTree = "<group>";
		};
		FE66DEC5172634C900EFAD98 /* InfoPlist.strings */ = {
			isa = PBXVariantGroup;
			children = (
				FE66DEC6172634C900EFAD98 /* en */,
			);
			name = InfoPlist.strings;
			sourceTree = "<group>";
		};
		FE66DEC7172634C900EFAD98 /* MainStoryboard.storyboard */ = {
			isa = PBXVariantGroup;
			children = (
				FE66DEC8172634C900EFAD98 /* en */,
			);
			name = MainStoryboard.storyboard;
			sourceTree = "<group>";
		};
		FE66DF7D1726360C00EFAD98 /* InfoPlist.strings */ = {
			isa = PBXVariantGroup;
			children = (
				FE66DF7E1726360C00EFAD98 /* en */,
			);
			name = InfoPlist.strings;
			sourceTree = "<group>";
		};
		FE66DF7F1726360C00EFAD98 /* MainStoryboard.storyboard */ = {
			isa = PBXVariantGroup;
			children = (
				FE66DF801726360C00EFAD98 /* en */,
			);
			name = MainStoryboard.storyboard;
			path = en.lproj;
			sourceTree = "<group>";
		};
/* End PBXVariantGroup section */

/* Begin XCBuildConfiguration section */
		0889EF971716299600FEB988 /* Debug */ = {
			isa = XCBuildConfiguration;
			buildSettings = {
				ALWAYS_SEARCH_USER_PATHS = NO;
				CLANG_CXX_LANGUAGE_STANDARD = "gnu++0x";
				CLANG_CXX_LIBRARY = "libc++";
				CLANG_ENABLE_OBJC_ARC = YES;
				CLANG_WARN_CONSTANT_CONVERSION = YES;
				CLANG_WARN_EMPTY_BODY = YES;
				CLANG_WARN_ENUM_CONVERSION = YES;
				CLANG_WARN_INT_CONVERSION = YES;
				CLANG_WARN__DUPLICATE_METHOD_MATCH = YES;
				CODE_SIGN_IDENTITY = "iPhone Distribution: Lawrence Jones (D9484FH34U)";
				"CODE_SIGN_IDENTITY[sdk=iphoneos*]" = "iPhone Developer";
				COPY_PHASE_STRIP = NO;
				GCC_C_LANGUAGE_STANDARD = gnu99;
				GCC_DYNAMIC_NO_PIC = NO;
				GCC_OPTIMIZATION_LEVEL = 0;
				GCC_PREPROCESSOR_DEFINITIONS = (
					"DEBUG=1",
					"$(inherited)",
				);
				GCC_SYMBOLS_PRIVATE_EXTERN = NO;
				GCC_WARN_ABOUT_RETURN_TYPE = YES;
				GCC_WARN_UNINITIALIZED_AUTOS = YES;
				GCC_WARN_UNUSED_VARIABLE = YES;
				IPHONEOS_DEPLOYMENT_TARGET = 6.1;
				ONLY_ACTIVE_ARCH = YES;
				PROVISIONING_PROFILE = "16635A30-0915-4248-A3F8-101C62CD991C";
				SDKROOT = iphoneos;
			};
			name = Debug;
		};
		0889EF981716299600FEB988 /* Release */ = {
			isa = XCBuildConfiguration;
			buildSettings = {
				ALWAYS_SEARCH_USER_PATHS = NO;
				CLANG_CXX_LANGUAGE_STANDARD = "gnu++0x";
				CLANG_CXX_LIBRARY = "libc++";
				CLANG_ENABLE_OBJC_ARC = YES;
				CLANG_WARN_CONSTANT_CONVERSION = YES;
				CLANG_WARN_EMPTY_BODY = YES;
				CLANG_WARN_ENUM_CONVERSION = YES;
				CLANG_WARN_INT_CONVERSION = YES;
				CLANG_WARN__DUPLICATE_METHOD_MATCH = YES;
				CODE_SIGN_IDENTITY = "iPhone Distribution: Lawrence Jones (D9484FH34U)";
				"CODE_SIGN_IDENTITY[sdk=iphoneos*]" = "iPhone Developer";
				COPY_PHASE_STRIP = YES;
				GCC_C_LANGUAGE_STANDARD = gnu99;
				GCC_WARN_ABOUT_RETURN_TYPE = YES;
				GCC_WARN_UNINITIALIZED_AUTOS = YES;
				GCC_WARN_UNUSED_VARIABLE = YES;
				IPHONEOS_DEPLOYMENT_TARGET = 6.1;
				OTHER_CFLAGS = "-DNS_BLOCK_ASSERTIONS=1";
				PROVISIONING_PROFILE = "16635A30-0915-4248-A3F8-101C62CD991C";
				SDKROOT = iphoneos;
				VALIDATE_PRODUCT = YES;
			};
			name = Release;
		};
		0889EF9A1716299600FEB988 /* Debug */ = {
			isa = XCBuildConfiguration;
			buildSettings = {
				CLANG_ENABLE_OBJC_ARC = NO;
				CODE_SIGN_IDENTITY = "iPhone Developer: Lawrence Jones (H6NSGS6YTM)";
				GCC_PRECOMPILE_PREFIX_HEADER = YES;
				GCC_PREFIX_HEADER = "CATE/CATE-Prefix.pch";
				INFOPLIST_FILE = "$(SRCROOT)/CATE/CATE-Info.plist";
				LIBRARY_SEARCH_PATHS = (
					"$(inherited)",
					"\"$(SRCROOT)\"",
				);
				OTHER_LDFLAGS = "-Wl,-no_implicit_dylibs";
				PRODUCT_NAME = "$(TARGET_NAME)";
				PROVISIONING_PROFILE = "EAD384A8-0943-4A37-82E9-1B574BCDE4BD";
				TARGETED_DEVICE_FAMILY = 1;
				WRAPPER_EXTENSION = app;
			};
			name = Debug;
		};
		0889EF9B1716299600FEB988 /* Release */ = {
			isa = XCBuildConfiguration;
			buildSettings = {
				CLANG_ENABLE_OBJC_ARC = NO;
				CODE_SIGN_IDENTITY = "iPhone Developer: Lawrence Jones (H6NSGS6YTM)";
				GCC_PRECOMPILE_PREFIX_HEADER = YES;
				GCC_PREFIX_HEADER = "CATE/CATE-Prefix.pch";
				INFOPLIST_FILE = "$(SRCROOT)/CATE/CATE-Info.plist";
				LIBRARY_SEARCH_PATHS = (
					"$(inherited)",
					"\"$(SRCROOT)\"",
				);
				OTHER_LDFLAGS = "-Wl,-no_implicit_dylibs";
				PRODUCT_NAME = "$(TARGET_NAME)";
				PROVISIONING_PROFILE = "EAD384A8-0943-4A37-82E9-1B574BCDE4BD";
				TARGETED_DEVICE_FAMILY = 1;
				WRAPPER_EXTENSION = app;
			};
			name = Release;
		};
		0889EF9D1716299600FEB988 /* Debug */ = {
			isa = XCBuildConfiguration;
			buildSettings = {
				BUNDLE_LOADER = "$(BUILT_PRODUCTS_DIR)/CATE.app/CATE";
				FRAMEWORK_SEARCH_PATHS = (
					"\"$(SDKROOT)/Developer/Library/Frameworks\"",
					"\"$(DEVELOPER_LIBRARY_DIR)/Frameworks\"",
				);
				GCC_PRECOMPILE_PREFIX_HEADER = YES;
				GCC_PREFIX_HEADER = "CATE/CATE-Prefix.pch";
				INFOPLIST_FILE = "CATETests/CATETests-Info.plist";
				PRODUCT_NAME = "$(TARGET_NAME)";
				TEST_HOST = "$(BUNDLE_LOADER)";
				WRAPPER_EXTENSION = octest;
			};
			name = Debug;
		};
		0889EF9E1716299600FEB988 /* Release */ = {
			isa = XCBuildConfiguration;
			buildSettings = {
				BUNDLE_LOADER = "$(BUILT_PRODUCTS_DIR)/CATE.app/CATE";
				FRAMEWORK_SEARCH_PATHS = (
					"\"$(SDKROOT)/Developer/Library/Frameworks\"",
					"\"$(DEVELOPER_LIBRARY_DIR)/Frameworks\"",
				);
				GCC_PRECOMPILE_PREFIX_HEADER = YES;
				GCC_PREFIX_HEADER = "CATE/CATE-Prefix.pch";
				INFOPLIST_FILE = "CATETests/CATETests-Info.plist";
				PRODUCT_NAME = "$(TARGET_NAME)";
				TEST_HOST = "$(BUNDLE_LOADER)";
				WRAPPER_EXTENSION = octest;
			};
			name = Release;
		};
/* End XCBuildConfiguration section */

/* Begin XCConfigurationList section */
		0889EF511716299600FEB988 /* Build configuration list for PBXProject "CATE" */ = {
			isa = XCConfigurationList;
			buildConfigurations = (
				0889EF971716299600FEB988 /* Debug */,
				0889EF981716299600FEB988 /* Release */,
			);
			defaultConfigurationIsVisible = 0;
			defaultConfigurationName = Release;
		};
		0889EF991716299600FEB988 /* Build configuration list for PBXNativeTarget "CATE" */ = {
			isa = XCConfigurationList;
			buildConfigurations = (
				0889EF9A1716299600FEB988 /* Debug */,
				0889EF9B1716299600FEB988 /* Release */,
			);
			defaultConfigurationIsVisible = 0;
			defaultConfigurationName = Release;
		};
		0889EF9C1716299600FEB988 /* Build configuration list for PBXNativeTarget "CATETests" */ = {
			isa = XCConfigurationList;
			buildConfigurations = (
				0889EF9D1716299600FEB988 /* Debug */,
				0889EF9E1716299600FEB988 /* Release */,
			);
			defaultConfigurationIsVisible = 0;
			defaultConfigurationName = Release;
		};
/* End XCConfigurationList section */
	};
	rootObject = 0889EF4E1716299600FEB988 /* Project object */;
}
